// !$*UTF8*$!
{
	archiveVersion = 1;
	classes = {
	};
	objectVersion = 56;
	objects = {

/* Begin PBXBuildFile section */
		1A37222D2BE67BE3001C28F0 /* chatViewController.swift in Sources */ = {isa = PBXBuildFile; fileRef = 1A37222C2BE67BE3001C28F0 /* chatViewController.swift */; };
		1A37222F2BE67BFD001C28F0 /* myViewController.swift in Sources */ = {isa = PBXBuildFile; fileRef = 1A37222E2BE67BFD001C28F0 /* myViewController.swift */; };
		1A3722312BE67C08001C28F0 /* aroundViewController.swift in Sources */ = {isa = PBXBuildFile; fileRef = 1A3722302BE67C08001C28F0 /* aroundViewController.swift */; };
		1A3722332BE67C19001C28F0 /* liveViewController.swift in Sources */ = {isa = PBXBuildFile; fileRef = 1A3722322BE67C19001C28F0 /* liveViewController.swift */; };
		1A37223B2BE69C07001C28F0 /* homeViewController.swift in Sources */ = {isa = PBXBuildFile; fileRef = 1A37223A2BE69C07001C28F0 /* homeViewController.swift */; };
		1A75CC132BCD760800086135 /* AppDelegate.swift in Sources */ = {isa = PBXBuildFile; fileRef = 1A75CC122BCD760800086135 /* AppDelegate.swift */; };
		1A75CC152BCD760800086135 /* SceneDelegate.swift in Sources */ = {isa = PBXBuildFile; fileRef = 1A75CC142BCD760800086135 /* SceneDelegate.swift */; };
		1A75CC172BCD760800086135 /* ViewController.swift in Sources */ = {isa = PBXBuildFile; fileRef = 1A75CC162BCD760800086135 /* ViewController.swift */; };
		1A75CC1C2BCD760900086135 /* Assets.xcassets in Resources */ = {isa = PBXBuildFile; fileRef = 1A75CC1B2BCD760900086135 /* Assets.xcassets */; };
		1A75CC1F2BCD760900086135 /* Base in Resources */ = {isa = PBXBuildFile; fileRef = 1A75CC1E2BCD760900086135 /* Base */; };
		1A75CC2A2BCD760900086135 /* baki_week2Tests.swift in Sources */ = {isa = PBXBuildFile; fileRef = 1A75CC292BCD760900086135 /* baki_week2Tests.swift */; };
		1A75CC342BCD760900086135 /* baki_week2UITests.swift in Sources */ = {isa = PBXBuildFile; fileRef = 1A75CC332BCD760900086135 /* baki_week2UITests.swift */; };
		1A75CC362BCD760900086135 /* baki_week2UITestsLaunchTests.swift in Sources */ = {isa = PBXBuildFile; fileRef = 1A75CC352BCD760900086135 /* baki_week2UITestsLaunchTests.swift */; };
/* End PBXBuildFile section */

/* Begin PBXContainerItemProxy section */
		1A75CC262BCD760900086135 /* PBXContainerItemProxy */ = {
			isa = PBXContainerItemProxy;
			containerPortal = 1A75CC072BCD760800086135 /* Project object */;
			proxyType = 1;
			remoteGlobalIDString = 1A75CC0E2BCD760800086135;
			remoteInfo = baki_week2;
		};
		1A75CC302BCD760900086135 /* PBXContainerItemProxy */ = {
			isa = PBXContainerItemProxy;
			containerPortal = 1A75CC072BCD760800086135 /* Project object */;
			proxyType = 1;
			remoteGlobalIDString = 1A75CC0E2BCD760800086135;
			remoteInfo = baki_week2;
		};
/* End PBXContainerItemProxy section */

/* Begin PBXFileReference section */
		1A37222C2BE67BE3001C28F0 /* chatViewController.swift */ = {isa = PBXFileReference; lastKnownFileType = sourcecode.swift; path = chatViewController.swift; sourceTree = "<group>"; };
		1A37222E2BE67BFD001C28F0 /* myViewController.swift */ = {isa = PBXFileReference; lastKnownFileType = sourcecode.swift; path = myViewController.swift; sourceTree = "<group>"; };
		1A3722302BE67C08001C28F0 /* aroundViewController.swift */ = {isa = PBXFileReference; lastKnownFileType = sourcecode.swift; path = aroundViewController.swift; sourceTree = "<group>"; };
		1A3722322BE67C19001C28F0 /* liveViewController.swift */ = {isa = PBXFileReference; lastKnownFileType = sourcecode.swift; path = liveViewController.swift; sourceTree = "<group>"; };
		1A37223A2BE69C07001C28F0 /* homeViewController.swift */ = {isa = PBXFileReference; lastKnownFileType = sourcecode.swift; path = homeViewController.swift; sourceTree = "<group>"; };
		1A75CC0F2BCD760800086135 /* baki_week2.app */ = {isa = PBXFileReference; explicitFileType = wrapper.application; includeInIndex = 0; path = baki_week2.app; sourceTree = BUILT_PRODUCTS_DIR; };
		1A75CC122BCD760800086135 /* AppDelegate.swift */ = {isa = PBXFileReference; lastKnownFileType = sourcecode.swift; path = AppDelegate.swift; sourceTree = "<group>"; };
		1A75CC142BCD760800086135 /* SceneDelegate.swift */ = {isa = PBXFileReference; lastKnownFileType = sourcecode.swift; path = SceneDelegate.swift; sourceTree = "<group>"; };
		1A75CC162BCD760800086135 /* ViewController.swift */ = {isa = PBXFileReference; lastKnownFileType = sourcecode.swift; path = ViewController.swift; sourceTree = "<group>"; };
		1A75CC1B2BCD760900086135 /* Assets.xcassets */ = {isa = PBXFileReference; lastKnownFileType = folder.assetcatalog; path = Assets.xcassets; sourceTree = "<group>"; };
		1A75CC1E2BCD760900086135 /* Base */ = {isa = PBXFileReference; lastKnownFileType = file.storyboard; name = Base; path = Base.lproj/LaunchScreen.storyboard; sourceTree = "<group>"; };
		1A75CC202BCD760900086135 /* Info.plist */ = {isa = PBXFileReference; lastKnownFileType = text.plist.xml; path = Info.plist; sourceTree = "<group>"; };
		1A75CC252BCD760900086135 /* baki_week2Tests.xctest */ = {isa = PBXFileReference; explicitFileType = wrapper.cfbundle; includeInIndex = 0; path = baki_week2Tests.xctest; sourceTree = BUILT_PRODUCTS_DIR; };
		1A75CC292BCD760900086135 /* baki_week2Tests.swift */ = {isa = PBXFileReference; lastKnownFileType = sourcecode.swift; path = baki_week2Tests.swift; sourceTree = "<group>"; };
		1A75CC2F2BCD760900086135 /* baki_week2UITests.xctest */ = {isa = PBXFileReference; explicitFileType = wrapper.cfbundle; includeInIndex = 0; path = baki_week2UITests.xctest; sourceTree = BUILT_PRODUCTS_DIR; };
		1A75CC332BCD760900086135 /* baki_week2UITests.swift */ = {isa = PBXFileReference; lastKnownFileType = sourcecode.swift; path = baki_week2UITests.swift; sourceTree = "<group>"; };
		1A75CC352BCD760900086135 /* baki_week2UITestsLaunchTests.swift */ = {isa = PBXFileReference; lastKnownFileType = sourcecode.swift; path = baki_week2UITestsLaunchTests.swift; sourceTree = "<group>"; };
/* End PBXFileReference section */

/* Begin PBXFrameworksBuildPhase section */
		1A75CC0C2BCD760800086135 /* Frameworks */ = {
			isa = PBXFrameworksBuildPhase;
			buildActionMask = 2147483647;
			files = (
			);
			runOnlyForDeploymentPostprocessing = 0;
		};
		1A75CC222BCD760900086135 /* Frameworks */ = {
			isa = PBXFrameworksBuildPhase;
			buildActionMask = 2147483647;
			files = (
			);
			runOnlyForDeploymentPostprocessing = 0;
		};
		1A75CC2C2BCD760900086135 /* Frameworks */ = {
			isa = PBXFrameworksBuildPhase;
			buildActionMask = 2147483647;
			files = (
			);
			runOnlyForDeploymentPostprocessing = 0;
		};
/* End PBXFrameworksBuildPhase section */

/* Begin PBXGroup section */
		1A75CC062BCD760800086135 = {
			isa = PBXGroup;
			children = (
				1A75CC112BCD760800086135 /* baki_week2 */,
				1A75CC282BCD760900086135 /* baki_week2Tests */,
				1A75CC322BCD760900086135 /* baki_week2UITests */,
				1A75CC102BCD760800086135 /* Products */,
			);
			sourceTree = "<group>";
		};
		1A75CC102BCD760800086135 /* Products */ = {
			isa = PBXGroup;
			children = (
				1A75CC0F2BCD760800086135 /* baki_week2.app */,
				1A75CC252BCD760900086135 /* baki_week2Tests.xctest */,
				1A75CC2F2BCD760900086135 /* baki_week2UITests.xctest */,
			);
			name = Products;
			sourceTree = "<group>";
		};
		1A75CC112BCD760800086135 /* baki_week2 */ = {
			isa = PBXGroup;
			children = (
				1A75CC122BCD760800086135 /* AppDelegate.swift */,
				1A75CC142BCD760800086135 /* SceneDelegate.swift */,
				1A75CC162BCD760800086135 /* ViewController.swift */,
				1A37223A2BE69C07001C28F0 /* homeViewController.swift */,
				1A3722322BE67C19001C28F0 /* liveViewController.swift */,
				1A3722302BE67C08001C28F0 /* aroundViewController.swift */,
				1A37222C2BE67BE3001C28F0 /* chatViewController.swift */,
				1A37222E2BE67BFD001C28F0 /* myViewController.swift */,
				1A75CC1B2BCD760900086135 /* Assets.xcassets */,
				1A75CC1D2BCD760900086135 /* LaunchScreen.storyboard */,
				1A75CC202BCD760900086135 /* Info.plist */,
			);
			path = baki_week2;
			sourceTree = "<group>";
		};
		1A75CC282BCD760900086135 /* baki_week2Tests */ = {
			isa = PBXGroup;
			children = (
				1A75CC292BCD760900086135 /* baki_week2Tests.swift */,
			);
			path = baki_week2Tests;
			sourceTree = "<group>";
		};
		1A75CC322BCD760900086135 /* baki_week2UITests */ = {
			isa = PBXGroup;
			children = (
				1A75CC332BCD760900086135 /* baki_week2UITests.swift */,
				1A75CC352BCD760900086135 /* baki_week2UITestsLaunchTests.swift */,
			);
			path = baki_week2UITests;
			sourceTree = "<group>";
		};
/* End PBXGroup section */

/* Begin PBXNativeTarget section */
		1A75CC0E2BCD760800086135 /* baki_week2 */ = {
			isa = PBXNativeTarget;
			buildConfigurationList = 1A75CC392BCD760900086135 /* Build configuration list for PBXNativeTarget "baki_week2" */;
			buildPhases = (
				1A75CC0B2BCD760800086135 /* Sources */,
				1A75CC0C2BCD760800086135 /* Frameworks */,
				1A75CC0D2BCD760800086135 /* Resources */,
			);
			buildRules = (
			);
			dependencies = (
			);
			name = baki_week2;
			productName = baki_week2;
			productReference = 1A75CC0F2BCD760800086135 /* baki_week2.app */;
			productType = "com.apple.product-type.application";
		};
		1A75CC242BCD760900086135 /* baki_week2Tests */ = {
			isa = PBXNativeTarget;
			buildConfigurationList = 1A75CC3C2BCD760900086135 /* Build configuration list for PBXNativeTarget "baki_week2Tests" */;
			buildPhases = (
				1A75CC212BCD760900086135 /* Sources */,
				1A75CC222BCD760900086135 /* Frameworks */,
				1A75CC232BCD760900086135 /* Resources */,
			);
			buildRules = (
			);
			dependencies = (
				1A75CC272BCD760900086135 /* PBXTargetDependency */,
			);
			name = baki_week2Tests;
			productName = baki_week2Tests;
			productReference = 1A75CC252BCD760900086135 /* baki_week2Tests.xctest */;
			productType = "com.apple.product-type.bundle.unit-test";
		};
		1A75CC2E2BCD760900086135 /* baki_week2UITests */ = {
			isa = PBXNativeTarget;
			buildConfigurationList = 1A75CC3F2BCD760900086135 /* Build configuration list for PBXNativeTarget "baki_week2UITests" */;
			buildPhases = (
				1A75CC2B2BCD760900086135 /* Sources */,
				1A75CC2C2BCD760900086135 /* Frameworks */,
				1A75CC2D2BCD760900086135 /* Resources */,
			);
			buildRules = (
			);
			dependencies = (
				1A75CC312BCD760900086135 /* PBXTargetDependency */,
			);
			name = baki_week2UITests;
			productName = baki_week2UITests;
			productReference = 1A75CC2F2BCD760900086135 /* baki_week2UITests.xctest */;
			productType = "com.apple.product-type.bundle.ui-testing";
		};
/* End PBXNativeTarget section */

/* Begin PBXProject section */
		1A75CC072BCD760800086135 /* Project object */ = {
			isa = PBXProject;
			attributes = {
				BuildIndependentTargetsInParallel = 1;
				LastSwiftUpdateCheck = 1530;
				LastUpgradeCheck = 1530;
				TargetAttributes = {
					1A75CC0E2BCD760800086135 = {
						CreatedOnToolsVersion = 15.3;
					};
					1A75CC242BCD760900086135 = {
						CreatedOnToolsVersion = 15.3;
						TestTargetID = 1A75CC0E2BCD760800086135;
					};
					1A75CC2E2BCD760900086135 = {
						CreatedOnToolsVersion = 15.3;
						TestTargetID = 1A75CC0E2BCD760800086135;
					};
				};
			};
			buildConfigurationList = 1A75CC0A2BCD760800086135 /* Build configuration list for PBXProject "baki_week2" */;
			compatibilityVersion = "Xcode 14.0";
			developmentRegion = en;
			hasScannedForEncodings = 0;
			knownRegions = (
				en,
				Base,
			);
			mainGroup = 1A75CC062BCD760800086135;
			packageReferences = (
				1A75CC422BCD80DD00086135 /* XCRemoteSwiftPackageReference "SnapKit" */,
			);
			productRefGroup = 1A75CC102BCD760800086135 /* Products */;
			projectDirPath = "";
			projectRoot = "";
			targets = (
				1A75CC0E2BCD760800086135 /* baki_week2 */,
				1A75CC242BCD760900086135 /* baki_week2Tests */,
				1A75CC2E2BCD760900086135 /* baki_week2UITests */,
			);
		};
/* End PBXProject section */

/* Begin PBXResourcesBuildPhase section */
		1A75CC0D2BCD760800086135 /* Resources */ = {
			isa = PBXResourcesBuildPhase;
			buildActionMask = 2147483647;
			files = (
				1A75CC1C2BCD760900086135 /* Assets.xcassets in Resources */,
				1A75CC1F2BCD760900086135 /* Base in Resources */,
			);
			runOnlyForDeploymentPostprocessing = 0;
		};
		1A75CC232BCD760900086135 /* Resources */ = {
			isa = PBXResourcesBuildPhase;
			buildActionMask = 2147483647;
			files = (
			);
			runOnlyForDeploymentPostprocessing = 0;
		};
		1A75CC2D2BCD760900086135 /* Resources */ = {
			isa = PBXResourcesBuildPhase;
			buildActionMask = 2147483647;
			files = (
			);
			runOnlyForDeploymentPostprocessing = 0;
		};
/* End PBXResourcesBuildPhase section */

/* Begin PBXSourcesBuildPhase section */
		1A75CC0B2BCD760800086135 /* Sources */ = {
			isa = PBXSourcesBuildPhase;
			buildActionMask = 2147483647;
			files = (
				1A75CC172BCD760800086135 /* ViewController.swift in Sources */,
				1A37223B2BE69C07001C28F0 /* homeViewController.swift in Sources */,
				1A37222F2BE67BFD001C28F0 /* myViewController.swift in Sources */,
				1A75CC132BCD760800086135 /* AppDelegate.swift in Sources */,
				1A3722312BE67C08001C28F0 /* aroundViewController.swift in Sources */,
				1A3722332BE67C19001C28F0 /* liveViewController.swift in Sources */,
				1A37222D2BE67BE3001C28F0 /* chatViewController.swift in Sources */,
				1A75CC152BCD760800086135 /* SceneDelegate.swift in Sources */,
			);
			runOnlyForDeploymentPostprocessing = 0;
		};
		1A75CC212BCD760900086135 /* Sources */ = {
			isa = PBXSourcesBuildPhase;
			buildActionMask = 2147483647;
			files = (
				1A75CC2A2BCD760900086135 /* baki_week2Tests.swift in Sources */,
			);
			runOnlyForDeploymentPostprocessing = 0;
		};
		1A75CC2B2BCD760900086135 /* Sources */ = {
			isa = PBXSourcesBuildPhase;
			buildActionMask = 2147483647;
			files = (
				1A75CC362BCD760900086135 /* baki_week2UITestsLaunchTests.swift in Sources */,
				1A75CC342BCD760900086135 /* baki_week2UITests.swift in Sources */,
			);
			runOnlyForDeploymentPostprocessing = 0;
		};
/* End PBXSourcesBuildPhase section */

/* Begin PBXTargetDependency section */
		1A75CC272BCD760900086135 /* PBXTargetDependency */ = {
			isa = PBXTargetDependency;
			target = 1A75CC0E2BCD760800086135 /* baki_week2 */;
			targetProxy = 1A75CC262BCD760900086135 /* PBXContainerItemProxy */;
		};
		1A75CC312BCD760900086135 /* PBXTargetDependency */ = {
			isa = PBXTargetDependency;
			target = 1A75CC0E2BCD760800086135 /* baki_week2 */;
			targetProxy = 1A75CC302BCD760900086135 /* PBXContainerItemProxy */;
		};
/* End PBXTargetDependency section */

/* Begin PBXVariantGroup section */
		1A75CC1D2BCD760900086135 /* LaunchScreen.storyboard */ = {
			isa = PBXVariantGroup;
			children = (
				1A75CC1E2BCD760900086135 /* Base */,
			);
			name = LaunchScreen.storyboard;
			sourceTree = "<group>";
		};
/* End PBXVariantGroup section */

/* Begin XCBuildConfiguration section */
		1A75CC372BCD760900086135 /* Debug */ = {
			isa = XCBuildConfiguration;
			buildSettings = {
				ALWAYS_SEARCH_USER_PATHS = NO;
				ASSETCATALOG_COMPILER_GENERATE_SWIFT_ASSET_SYMBOL_EXTENSIONS = YES;
				CLANG_ANALYZER_NONNULL = YES;
				CLANG_ANALYZER_NUMBER_OBJECT_CONVERSION = YES_AGGRESSIVE;
				CLANG_CXX_LANGUAGE_STANDARD = "gnu++20";
				CLANG_ENABLE_MODULES = YES;
				CLANG_ENABLE_OBJC_ARC = YES;
				CLANG_ENABLE_OBJC_WEAK = YES;
				CLANG_WARN_BLOCK_CAPTURE_AUTORELEASING = YES;
				CLANG_WARN_BOOL_CONVERSION = YES;
				CLANG_WARN_COMMA = YES;
				CLANG_WARN_CONSTANT_CONVERSION = YES;
				CLANG_WARN_DEPRECATED_OBJC_IMPLEMENTATIONS = YES;
				CLANG_WARN_DIRECT_OBJC_ISA_USAGE = YES_ERROR;
				CLANG_WARN_DOCUMENTATION_COMMENTS = YES;
				CLANG_WARN_EMPTY_BODY = YES;
				CLANG_WARN_ENUM_CONVERSION = YES;
				CLANG_WARN_INFINITE_RECURSION = YES;
				CLANG_WARN_INT_CONVERSION = YES;
				CLANG_WARN_NON_LITERAL_NULL_CONVERSION = YES;
				CLANG_WARN_OBJC_IMPLICIT_RETAIN_SELF = YES;
				CLANG_WARN_OBJC_LITERAL_CONVERSION = YES;
				CLANG_WARN_OBJC_ROOT_CLASS = YES_ERROR;
				CLANG_WARN_QUOTED_INCLUDE_IN_FRAMEWORK_HEADER = YES;
				CLANG_WARN_RANGE_LOOP_ANALYSIS = YES;
				CLANG_WARN_STRICT_PROTOTYPES = YES;
				CLANG_WARN_SUSPICIOUS_MOVE = YES;
				CLANG_WARN_UNGUARDED_AVAILABILITY = YES_AGGRESSIVE;
				CLANG_WARN_UNREACHABLE_CODE = YES;
				CLANG_WARN__DUPLICATE_METHOD_MATCH = YES;
				COPY_PHASE_STRIP = NO;
				DEBUG_INFORMATION_FORMAT = dwarf;
				ENABLE_STRICT_OBJC_MSGSEND = YES;
				ENABLE_TESTABILITY = YES;
				ENABLE_USER_SCRIPT_SANDBOXING = YES;
				GCC_C_LANGUAGE_STANDARD = gnu17;
				GCC_DYNAMIC_NO_PIC = NO;
				GCC_NO_COMMON_BLOCKS = YES;
				GCC_OPTIMIZATION_LEVEL = 0;
				GCC_PREPROCESSOR_DEFINITIONS = (
					"DEBUG=1",
					"$(inherited)",
				);
				GCC_WARN_64_TO_32_BIT_CONVERSION = YES;
				GCC_WARN_ABOUT_RETURN_TYPE = YES_ERROR;
				GCC_WARN_UNDECLARED_SELECTOR = YES;
				GCC_WARN_UNINITIALIZED_AUTOS = YES_AGGRESSIVE;
				GCC_WARN_UNUSED_FUNCTION = YES;
				GCC_WARN_UNUSED_VARIABLE = YES;
				IPHONEOS_DEPLOYMENT_TARGET = 17.4;
				LOCALIZATION_PREFERS_STRING_CATALOGS = YES;
				MTL_ENABLE_DEBUG_INFO = INCLUDE_SOURCE;
				MTL_FAST_MATH = YES;
				ONLY_ACTIVE_ARCH = YES;
				SDKROOT = iphoneos;
				SWIFT_ACTIVE_COMPILATION_CONDITIONS = "DEBUG $(inherited)";
				SWIFT_OPTIMIZATION_LEVEL = "-Onone";
			};
			name = Debug;
		};
		1A75CC382BCD760900086135 /* Release */ = {
			isa = XCBuildConfiguration;
			buildSettings = {
				ALWAYS_SEARCH_USER_PATHS = NO;
				ASSETCATALOG_COMPILER_GENERATE_SWIFT_ASSET_SYMBOL_EXTENSIONS = YES;
				CLANG_ANALYZER_NONNULL = YES;
				CLANG_ANALYZER_NUMBER_OBJECT_CONVERSION = YES_AGGRESSIVE;
				CLANG_CXX_LANGUAGE_STANDARD = "gnu++20";
				CLANG_ENABLE_MODULES = YES;
				CLANG_ENABLE_OBJC_ARC = YES;
				CLANG_ENABLE_OBJC_WEAK = YES;
				CLANG_WARN_BLOCK_CAPTURE_AUTORELEASING = YES;
				CLANG_WARN_BOOL_CONVERSION = YES;
				CLANG_WARN_COMMA = YES;
				CLANG_WARN_CONSTANT_CONVERSION = YES;
				CLANG_WARN_DEPRECATED_OBJC_IMPLEMENTATIONS = YES;
				CLANG_WARN_DIRECT_OBJC_ISA_USAGE = YES_ERROR;
				CLANG_WARN_DOCUMENTATION_COMMENTS = YES;
				CLANG_WARN_EMPTY_BODY = YES;
				CLANG_WARN_ENUM_CONVERSION = YES;
				CLANG_WARN_INFINITE_RECURSION = YES;
				CLANG_WARN_INT_CONVERSION = YES;
				CLANG_WARN_NON_LITERAL_NULL_CONVERSION = YES;
				CLANG_WARN_OBJC_IMPLICIT_RETAIN_SELF = YES;
				CLANG_WARN_OBJC_LITERAL_CONVERSION = YES;
				CLANG_WARN_OBJC_ROOT_CLASS = YES_ERROR;
				CLANG_WARN_QUOTED_INCLUDE_IN_FRAMEWORK_HEADER = YES;
				CLANG_WARN_RANGE_LOOP_ANALYSIS = YES;
				CLANG_WARN_STRICT_PROTOTYPES = YES;
				CLANG_WARN_SUSPICIOUS_MOVE = YES;
				CLANG_WARN_UNGUARDED_AVAILABILITY = YES_AGGRESSIVE;
				CLANG_WARN_UNREACHABLE_CODE = YES;
				CLANG_WARN__DUPLICATE_METHOD_MATCH = YES;
				COPY_PHASE_STRIP = NO;
				DEBUG_INFORMATION_FORMAT = "dwarf-with-dsym";
				ENABLE_NS_ASSERTIONS = NO;
				ENABLE_STRICT_OBJC_MSGSEND = YES;
				ENABLE_USER_SCRIPT_SANDBOXING = YES;
				GCC_C_LANGUAGE_STANDARD = gnu17;
				GCC_NO_COMMON_BLOCKS = YES;
				GCC_WARN_64_TO_32_BIT_CONVERSION = YES;
				GCC_WARN_ABOUT_RETURN_TYPE = YES_ERROR;
				GCC_WARN_UNDECLARED_SELECTOR = YES;
				GCC_WARN_UNINITIALIZED_AUTOS = YES_AGGRESSIVE;
				GCC_WARN_UNUSED_FUNCTION = YES;
				GCC_WARN_UNUSED_VARIABLE = YES;
				IPHONEOS_DEPLOYMENT_TARGET = 17.4;
				LOCALIZATION_PREFERS_STRING_CATALOGS = YES;
				MTL_ENABLE_DEBUG_INFO = NO;
				MTL_FAST_MATH = YES;
				SDKROOT = iphoneos;
				SWIFT_COMPILATION_MODE = wholemodule;
				VALIDATE_PRODUCT = YES;
			};
			name = Release;
		};
		1A75CC3A2BCD760900086135 /* Debug */ = {
			isa = XCBuildConfiguration;
			buildSettings = {
				ASSETCATALOG_COMPILER_APPICON_NAME = AppIcon;
				ASSETCATALOG_COMPILER_GLOBAL_ACCENT_COLOR_NAME = AccentColor;
				CODE_SIGN_STYLE = Automatic;
				CURRENT_PROJECT_VERSION = 1;
				GENERATE_INFOPLIST_FILE = YES;
				INFOPLIST_FILE = baki_week2/Info.plist;
				INFOPLIST_KEY_UIApplicationSupportsIndirectInputEvents = YES;
				INFOPLIST_KEY_UILaunchStoryboardName = LaunchScreen;
				INFOPLIST_KEY_UIMainStoryboardFile = Main;
				INFOPLIST_KEY_UISupportedInterfaceOrientations_iPad = "UIInterfaceOrientationPortrait UIInterfaceOrientationPortraitUpsideDown UIInterfaceOrientationLandscapeLeft UIInterfaceOrientationLandscapeRight";
				INFOPLIST_KEY_UISupportedInterfaceOrientations_iPhone = "UIInterfaceOrientationPortrait UIInterfaceOrientationLandscapeLeft UIInterfaceOrientationLandscapeRight";
				LD_RUNPATH_SEARCH_PATHS = (
					"$(inherited)",
					"@executable_path/Frameworks",
				);
				MARKETING_VERSION = 1.0;
				PRODUCT_BUNDLE_IDENTIFIER = "com.example.apple-samplecode.baki-week2";
				PRODUCT_NAME = "$(TARGET_NAME)";
				SWIFT_EMIT_LOC_STRINGS = YES;
				SWIFT_VERSION = 5.0;
				TARGETED_DEVICE_FAMILY = "1,2";
			};
			name = Debug;
		};
		1A75CC3B2BCD760900086135 /* Release */ = {
			isa = XCBuildConfiguration;
			buildSettings = {
				ASSETCATALOG_COMPILER_APPICON_NAME = AppIcon;
				ASSETCATALOG_COMPILER_GLOBAL_ACCENT_COLOR_NAME = AccentColor;
				CODE_SIGN_STYLE = Automatic;
				CURRENT_PROJECT_VERSION = 1;
				GENERATE_INFOPLIST_FILE = YES;
				INFOPLIST_FILE = baki_week2/Info.plist;
				INFOPLIST_KEY_UIApplicationSupportsIndirectInputEvents = YES;
				INFOPLIST_KEY_UILaunchStoryboardName = LaunchScreen;
				INFOPLIST_KEY_UIMainStoryboardFile = Main;
				INFOPLIST_KEY_UISupportedInterfaceOrientations_iPad = "UIInterfaceOrientationPortrait UIInterfaceOrientationPortraitUpsideDown UIInterfaceOrientationLandscapeLeft UIInterfaceOrientationLandscapeRight";
				INFOPLIST_KEY_UISupportedInterfaceOrientations_iPhone = "UIInterfaceOrientationPortrait UIInterfaceOrientationLandscapeLeft UIInterfaceOrientationLandscapeRight";
				LD_RUNPATH_SEARCH_PATHS = (
					"$(inherited)",
					"@executable_path/Frameworks",
				);
				MARKETING_VERSION = 1.0;
				PRODUCT_BUNDLE_IDENTIFIER = "com.example.apple-samplecode.baki-week2";
				PRODUCT_NAME = "$(TARGET_NAME)";
				SWIFT_EMIT_LOC_STRINGS = YES;
				SWIFT_VERSION = 5.0;
				TARGETED_DEVICE_FAMILY = "1,2";
			};
			name = Release;
		};
		1A75CC3D2BCD760900086135 /* Debug */ = {
			isa = XCBuildConfiguration;
			buildSettings = {
				ALWAYS_EMBED_SWIFT_STANDARD_LIBRARIES = YES;
				BUNDLE_LOADER = "$(TEST_HOST)";
				CODE_SIGN_STYLE = Automatic;
				CURRENT_PROJECT_VERSION = 1;
				GENERATE_INFOPLIST_FILE = YES;
				IPHONEOS_DEPLOYMENT_TARGET = 17.4;
				MARKETING_VERSION = 1.0;
				PRODUCT_BUNDLE_IDENTIFIER = "com.example.apple-samplecode.baki-week2Tests";
				PRODUCT_NAME = "$(TARGET_NAME)";
				SWIFT_EMIT_LOC_STRINGS = NO;
				SWIFT_VERSION = 5.0;
				TARGETED_DEVICE_FAMILY = "1,2";
				TEST_HOST = "$(BUILT_PRODUCTS_DIR)/baki_week2.app/$(BUNDLE_EXECUTABLE_FOLDER_PATH)/baki_week2";
			};
			name = Debug;
		};
		1A75CC3E2BCD760900086135 /* Release */ = {
			isa = XCBuildConfiguration;
			buildSettings = {
				ALWAYS_EMBED_SWIFT_STANDARD_LIBRARIES = YES;
				BUNDLE_LOADER = "$(TEST_HOST)";
				CODE_SIGN_STYLE = Automatic;
				CURRENT_PROJECT_VERSION = 1;
				GENERATE_INFOPLIST_FILE = YES;
				IPHONEOS_DEPLOYMENT_TARGET = 17.4;
				MARKETING_VERSION = 1.0;
				PRODUCT_BUNDLE_IDENTIFIER = "com.example.apple-samplecode.baki-week2Tests";
				PRODUCT_NAME = "$(TARGET_NAME)";
				SWIFT_EMIT_LOC_STRINGS = NO;
				SWIFT_VERSION = 5.0;
				TARGETED_DEVICE_FAMILY = "1,2";
				TEST_HOST = "$(BUILT_PRODUCTS_DIR)/baki_week2.app/$(BUNDLE_EXECUTABLE_FOLDER_PATH)/baki_week2";
			};
			name = Release;
		};
		1A75CC402BCD760900086135 /* Debug */ = {
			isa = XCBuildConfiguration;
			buildSettings = {
				ALWAYS_EMBED_SWIFT_STANDARD_LIBRARIES = YES;
				CODE_SIGN_STYLE = Automatic;
				CURRENT_PROJECT_VERSION = 1;
				GENERATE_INFOPLIST_FILE = YES;
				MARKETING_VERSION = 1.0;
				PRODUCT_BUNDLE_IDENTIFIER = "com.example.apple-samplecode.baki-week2UITests";
				PRODUCT_NAME = "$(TARGET_NAME)";
				SWIFT_EMIT_LOC_STRINGS = NO;
				SWIFT_VERSION = 5.0;
				TARGETED_DEVICE_FAMILY = "1,2";
				TEST_TARGET_NAME = baki_week2;
			};
			name = Debug;
		};
		1A75CC412BCD760900086135 /* Release */ = {
			isa = XCBuildConfiguration;
			buildSettings = {
				ALWAYS_EMBED_SWIFT_STANDARD_LIBRARIES = YES;
				CODE_SIGN_STYLE = Automatic;
				CURRENT_PROJECT_VERSION = 1;
				GENERATE_INFOPLIST_FILE = YES;
				MARKETING_VERSION = 1.0;
				PRODUCT_BUNDLE_IDENTIFIER = "com.example.apple-samplecode.baki-week2UITests";
				PRODUCT_NAME = "$(TARGET_NAME)";
				SWIFT_EMIT_LOC_STRINGS = NO;
				SWIFT_VERSION = 5.0;
				TARGETED_DEVICE_FAMILY = "1,2";
				TEST_TARGET_NAME = baki_week2;
			};
			name = Release;
		};
/* End XCBuildConfiguration section */

/* Begin XCConfigurationList section */
		1A75CC0A2BCD760800086135 /* Build configuration list for PBXProject "baki_week2" */ = {
			isa = XCConfigurationList;
			buildConfigurations = (
				1A75CC372BCD760900086135 /* Debug */,
				1A75CC382BCD760900086135 /* Release */,
			);
			defaultConfigurationIsVisible = 0;
			defaultConfigurationName = Release;
		};
		1A75CC392BCD760900086135 /* Build configuration list for PBXNativeTarget "baki_week2" */ = {
			isa = XCConfigurationList;
			buildConfigurations = (
				1A75CC3A2BCD760900086135 /* Debug */,
				1A75CC3B2BCD760900086135 /* Release */,
			);
			defaultConfigurationIsVisible = 0;
			defaultConfigurationName = Release;
		};
		1A75CC3C2BCD760900086135 /* Build configuration list for PBXNativeTarget "baki_week2Tests" */ = {
			isa = XCConfigurationList;
			buildConfigurations = (
				1A75CC3D2BCD760900086135 /* Debug */,
				1A75CC3E2BCD760900086135 /* Release */,
			);
			defaultConfigurationIsVisible = 0;
			defaultConfigurationName = Release;
		};
		1A75CC3F2BCD760900086135 /* Build configuration list for PBXNativeTarget "baki_week2UITests" */ = {
			isa = XCConfigurationList;
			buildConfigurations = (
				1A75CC402BCD760900086135 /* Debug */,
				1A75CC412BCD760900086135 /* Release */,
			);
			defaultConfigurationIsVisible = 0;
			defaultConfigurationName = Release;
		};
/* End XCConfigurationList section */

/* Begin XCRemoteSwiftPackageReference section */
		1A75CC422BCD80DD00086135 /* XCRemoteSwiftPackageReference "SnapKit" */ = {
			isa = XCRemoteSwiftPackageReference;
			repositoryURL = "https://github.com/SnapKit/SnapKit";
			requirement = {
				kind = upToNextMajorVersion;
				minimumVersion = 5.7.1;
			};
		};
/* End XCRemoteSwiftPackageReference section */
	};
	rootObject = 1A75CC072BCD760800086135 /* Project object */;
}
