// !$*UTF8*$!
{
	archiveVersion = 1;
	classes = {
	};
	objectVersion = 56;
	objects = {

/* Begin PBXBuildFile section */
		305D97212BF0EDE6006718DD /* AppDelegate.swift in Sources */ = {isa = PBXBuildFile; fileRef = 305D97202BF0EDE6006718DD /* AppDelegate.swift */; };
		305D97232BF0EDE6006718DD /* SceneDelegate.swift in Sources */ = {isa = PBXBuildFile; fileRef = 305D97222BF0EDE6006718DD /* SceneDelegate.swift */; };
		305D97252BF0EDE6006718DD /* ViewController.swift in Sources */ = {isa = PBXBuildFile; fileRef = 305D97242BF0EDE6006718DD /* ViewController.swift */; };
		305D972A2BF0EDE6006718DD /* Assets.xcassets in Resources */ = {isa = PBXBuildFile; fileRef = 305D97292BF0EDE6006718DD /* Assets.xcassets */; };
		305D972D2BF0EDE6006718DD /* Base in Resources */ = {isa = PBXBuildFile; fileRef = 305D972C2BF0EDE6006718DD /* Base */; };
		305D97382BF0EDE6006718DD /* iOS_study_week1Tests.swift in Sources */ = {isa = PBXBuildFile; fileRef = 305D97372BF0EDE6006718DD /* iOS_study_week1Tests.swift */; };
		305D97422BF0EDE6006718DD /* iOS_study_week1UITests.swift in Sources */ = {isa = PBXBuildFile; fileRef = 305D97412BF0EDE6006718DD /* iOS_study_week1UITests.swift */; };
		305D97442BF0EDE6006718DD /* iOS_study_week1UITestsLaunchTests.swift in Sources */ = {isa = PBXBuildFile; fileRef = 305D97432BF0EDE6006718DD /* iOS_study_week1UITestsLaunchTests.swift */; };
/* End PBXBuildFile section */

/* Begin PBXContainerItemProxy section */
		305D97342BF0EDE6006718DD /* PBXContainerItemProxy */ = {
			isa = PBXContainerItemProxy;
			containerPortal = 305D97152BF0EDE6006718DD /* Project object */;
			proxyType = 1;
			remoteGlobalIDString = 305D971C2BF0EDE6006718DD;
			remoteInfo = iOS_study_week1;
		};
		305D973E2BF0EDE6006718DD /* PBXContainerItemProxy */ = {
			isa = PBXContainerItemProxy;
			containerPortal = 305D97152BF0EDE6006718DD /* Project object */;
			proxyType = 1;
			remoteGlobalIDString = 305D971C2BF0EDE6006718DD;
			remoteInfo = iOS_study_week1;
		};
/* End PBXContainerItemProxy section */

/* Begin PBXFileReference section */
		305D971D2BF0EDE6006718DD /* iOS_study_week1.app */ = {isa = PBXFileReference; explicitFileType = wrapper.application; includeInIndex = 0; path = iOS_study_week1.app; sourceTree = BUILT_PRODUCTS_DIR; };
		305D97202BF0EDE6006718DD /* AppDelegate.swift */ = {isa = PBXFileReference; lastKnownFileType = sourcecode.swift; path = AppDelegate.swift; sourceTree = "<group>"; };
		305D97222BF0EDE6006718DD /* SceneDelegate.swift */ = {isa = PBXFileReference; lastKnownFileType = sourcecode.swift; path = SceneDelegate.swift; sourceTree = "<group>"; };
		305D97242BF0EDE6006718DD /* ViewController.swift */ = {isa = PBXFileReference; lastKnownFileType = sourcecode.swift; path = ViewController.swift; sourceTree = "<group>"; };
		305D97292BF0EDE6006718DD /* Assets.xcassets */ = {isa = PBXFileReference; lastKnownFileType = folder.assetcatalog; path = Assets.xcassets; sourceTree = "<group>"; };
		305D972C2BF0EDE6006718DD /* Base */ = {isa = PBXFileReference; lastKnownFileType = file.storyboard; name = Base; path = Base.lproj/LaunchScreen.storyboard; sourceTree = "<group>"; };
		305D972E2BF0EDE6006718DD /* Info.plist */ = {isa = PBXFileReference; lastKnownFileType = text.plist.xml; path = Info.plist; sourceTree = "<group>"; };
		305D97332BF0EDE6006718DD /* iOS_study_week1Tests.xctest */ = {isa = PBXFileReference; explicitFileType = wrapper.cfbundle; includeInIndex = 0; path = iOS_study_week1Tests.xctest; sourceTree = BUILT_PRODUCTS_DIR; };
		305D97372BF0EDE6006718DD /* iOS_study_week1Tests.swift */ = {isa = PBXFileReference; lastKnownFileType = sourcecode.swift; path = iOS_study_week1Tests.swift; sourceTree = "<group>"; };
		305D973D2BF0EDE6006718DD /* iOS_study_week1UITests.xctest */ = {isa = PBXFileReference; explicitFileType = wrapper.cfbundle; includeInIndex = 0; path = iOS_study_week1UITests.xctest; sourceTree = BUILT_PRODUCTS_DIR; };
		305D97412BF0EDE6006718DD /* iOS_study_week1UITests.swift */ = {isa = PBXFileReference; lastKnownFileType = sourcecode.swift; path = iOS_study_week1UITests.swift; sourceTree = "<group>"; };
		305D97432BF0EDE6006718DD /* iOS_study_week1UITestsLaunchTests.swift */ = {isa = PBXFileReference; lastKnownFileType = sourcecode.swift; path = iOS_study_week1UITestsLaunchTests.swift; sourceTree = "<group>"; };
/* End PBXFileReference section */

/* Begin PBXFrameworksBuildPhase section */
		305D971A2BF0EDE6006718DD /* Frameworks */ = {
			isa = PBXFrameworksBuildPhase;
			buildActionMask = 2147483647;
			files = (
			);
			runOnlyForDeploymentPostprocessing = 0;
		};
		305D97302BF0EDE6006718DD /* Frameworks */ = {
			isa = PBXFrameworksBuildPhase;
			buildActionMask = 2147483647;
			files = (
			);
			runOnlyForDeploymentPostprocessing = 0;
		};
		305D973A2BF0EDE6006718DD /* Frameworks */ = {
			isa = PBXFrameworksBuildPhase;
			buildActionMask = 2147483647;
			files = (
			);
			runOnlyForDeploymentPostprocessing = 0;
		};
/* End PBXFrameworksBuildPhase section */

/* Begin PBXGroup section */
		305D97142BF0EDE6006718DD = {
			isa = PBXGroup;
			children = (
				305D971F2BF0EDE6006718DD /* iOS_study_week1 */,
				305D97362BF0EDE6006718DD /* iOS_study_week1Tests */,
				305D97402BF0EDE6006718DD /* iOS_study_week1UITests */,
				305D971E2BF0EDE6006718DD /* Products */,
			);
			sourceTree = "<group>";
		};
		305D971E2BF0EDE6006718DD /* Products */ = {
			isa = PBXGroup;
			children = (
				305D971D2BF0EDE6006718DD /* iOS_study_week1.app */,
				305D97332BF0EDE6006718DD /* iOS_study_week1Tests.xctest */,
				305D973D2BF0EDE6006718DD /* iOS_study_week1UITests.xctest */,
			);
			name = Products;
			sourceTree = "<group>";
		};
		305D971F2BF0EDE6006718DD /* iOS_study_week1 */ = {
			isa = PBXGroup;
			children = (
				305D97202BF0EDE6006718DD /* AppDelegate.swift */,
				305D97222BF0EDE6006718DD /* SceneDelegate.swift */,
				305D97242BF0EDE6006718DD /* ViewController.swift */,
				305D97292BF0EDE6006718DD /* Assets.xcassets */,
				305D972B2BF0EDE6006718DD /* LaunchScreen.storyboard */,
				305D972E2BF0EDE6006718DD /* Info.plist */,
			);
			path = iOS_study_week1;
			sourceTree = "<group>";
		};
		305D97362BF0EDE6006718DD /* iOS_study_week1Tests */ = {
			isa = PBXGroup;
			children = (
				305D97372BF0EDE6006718DD /* iOS_study_week1Tests.swift */,
			);
			path = iOS_study_week1Tests;
			sourceTree = "<group>";
		};
		305D97402BF0EDE6006718DD /* iOS_study_week1UITests */ = {
			isa = PBXGroup;
			children = (
				305D97412BF0EDE6006718DD /* iOS_study_week1UITests.swift */,
				305D97432BF0EDE6006718DD /* iOS_study_week1UITestsLaunchTests.swift */,
			);
			path = iOS_study_week1UITests;
			sourceTree = "<group>";
		};
/* End PBXGroup section */

/* Begin PBXNativeTarget section */
		305D971C2BF0EDE6006718DD /* iOS_study_week1 */ = {
			isa = PBXNativeTarget;
			buildConfigurationList = 305D97472BF0EDE6006718DD /* Build configuration list for PBXNativeTarget "iOS_study_week1" */;
			buildPhases = (
				305D97192BF0EDE6006718DD /* Sources */,
				305D971A2BF0EDE6006718DD /* Frameworks */,
				305D971B2BF0EDE6006718DD /* Resources */,
			);
			buildRules = (
			);
			dependencies = (
			);
			name = iOS_study_week1;
			productName = iOS_study_week1;
			productReference = 305D971D2BF0EDE6006718DD /* iOS_study_week1.app */;
			productType = "com.apple.product-type.application";
		};
		305D97322BF0EDE6006718DD /* iOS_study_week1Tests */ = {
			isa = PBXNativeTarget;
			buildConfigurationList = 305D974A2BF0EDE6006718DD /* Build configuration list for PBXNativeTarget "iOS_study_week1Tests" */;
			buildPhases = (
				305D972F2BF0EDE6006718DD /* Sources */,
				305D97302BF0EDE6006718DD /* Frameworks */,
				305D97312BF0EDE6006718DD /* Resources */,
			);
			buildRules = (
			);
			dependencies = (
				305D97352BF0EDE6006718DD /* PBXTargetDependency */,
			);
			name = iOS_study_week1Tests;
			productName = iOS_study_week1Tests;
			productReference = 305D97332BF0EDE6006718DD /* iOS_study_week1Tests.xctest */;
			productType = "com.apple.product-type.bundle.unit-test";
		};
		305D973C2BF0EDE6006718DD /* iOS_study_week1UITests */ = {
			isa = PBXNativeTarget;
			buildConfigurationList = 305D974D2BF0EDE6006718DD /* Build configuration list for PBXNativeTarget "iOS_study_week1UITests" */;
			buildPhases = (
				305D97392BF0EDE6006718DD /* Sources */,
				305D973A2BF0EDE6006718DD /* Frameworks */,
				305D973B2BF0EDE6006718DD /* Resources */,
			);
			buildRules = (
			);
			dependencies = (
				305D973F2BF0EDE6006718DD /* PBXTargetDependency */,
			);
			name = iOS_study_week1UITests;
			productName = iOS_study_week1UITests;
			productReference = 305D973D2BF0EDE6006718DD /* iOS_study_week1UITests.xctest */;
			productType = "com.apple.product-type.bundle.ui-testing";
		};
/* End PBXNativeTarget section */

/* Begin PBXProject section */
		305D97152BF0EDE6006718DD /* Project object */ = {
			isa = PBXProject;
			attributes = {
				BuildIndependentTargetsInParallel = 1;
				LastSwiftUpdateCheck = 1530;
				LastUpgradeCheck = 1530;
				TargetAttributes = {
					305D971C2BF0EDE6006718DD = {
						CreatedOnToolsVersion = 15.3;
					};
					305D97322BF0EDE6006718DD = {
						CreatedOnToolsVersion = 15.3;
						TestTargetID = 305D971C2BF0EDE6006718DD;
					};
					305D973C2BF0EDE6006718DD = {
						CreatedOnToolsVersion = 15.3;
						TestTargetID = 305D971C2BF0EDE6006718DD;
					};
				};
			};
			buildConfigurationList = 305D97182BF0EDE6006718DD /* Build configuration list for PBXProject "iOS_study_week1" */;
			compatibilityVersion = "Xcode 14.0";
			developmentRegion = en;
			hasScannedForEncodings = 0;
			knownRegions = (
				en,
				Base,
			);
			mainGroup = 305D97142BF0EDE6006718DD;
			productRefGroup = 305D971E2BF0EDE6006718DD /* Products */;
			projectDirPath = "";
			projectRoot = "";
			targets = (
				305D971C2BF0EDE6006718DD /* iOS_study_week1 */,
				305D97322BF0EDE6006718DD /* iOS_study_week1Tests */,
				305D973C2BF0EDE6006718DD /* iOS_study_week1UITests */,
			);
		};
/* End PBXProject section */

/* Begin PBXResourcesBuildPhase section */
		305D971B2BF0EDE6006718DD /* Resources */ = {
			isa = PBXResourcesBuildPhase;
			buildActionMask = 2147483647;
			files = (
				305D972A2BF0EDE6006718DD /* Assets.xcassets in Resources */,
				305D972D2BF0EDE6006718DD /* Base in Resources */,
			);
			runOnlyForDeploymentPostprocessing = 0;
		};
		305D97312BF0EDE6006718DD /* Resources */ = {
			isa = PBXResourcesBuildPhase;
			buildActionMask = 2147483647;
			files = (
			);
			runOnlyForDeploymentPostprocessing = 0;
		};
		305D973B2BF0EDE6006718DD /* Resources */ = {
			isa = PBXResourcesBuildPhase;
			buildActionMask = 2147483647;
			files = (
			);
			runOnlyForDeploymentPostprocessing = 0;
		};
/* End PBXResourcesBuildPhase section */

/* Begin PBXSourcesBuildPhase section */
		305D97192BF0EDE6006718DD /* Sources */ = {
			isa = PBXSourcesBuildPhase;
			buildActionMask = 2147483647;
			files = (
				305D97252BF0EDE6006718DD /* ViewController.swift in Sources */,
				305D97212BF0EDE6006718DD /* AppDelegate.swift in Sources */,
				305D97232BF0EDE6006718DD /* SceneDelegate.swift in Sources */,
			);
			runOnlyForDeploymentPostprocessing = 0;
		};
		305D972F2BF0EDE6006718DD /* Sources */ = {
			isa = PBXSourcesBuildPhase;
			buildActionMask = 2147483647;
			files = (
				305D97382BF0EDE6006718DD /* iOS_study_week1Tests.swift in Sources */,
			);
			runOnlyForDeploymentPostprocessing = 0;
		};
		305D97392BF0EDE6006718DD /* Sources */ = {
			isa = PBXSourcesBuildPhase;
			buildActionMask = 2147483647;
			files = (
				305D97442BF0EDE6006718DD /* iOS_study_week1UITestsLaunchTests.swift in Sources */,
				305D97422BF0EDE6006718DD /* iOS_study_week1UITests.swift in Sources */,
			);
			runOnlyForDeploymentPostprocessing = 0;
		};
/* End PBXSourcesBuildPhase section */

/* Begin PBXTargetDependency section */
		305D97352BF0EDE6006718DD /* PBXTargetDependency */ = {
			isa = PBXTargetDependency;
			target = 305D971C2BF0EDE6006718DD /* iOS_study_week1 */;
			targetProxy = 305D97342BF0EDE6006718DD /* PBXContainerItemProxy */;
		};
		305D973F2BF0EDE6006718DD /* PBXTargetDependency */ = {
			isa = PBXTargetDependency;
			target = 305D971C2BF0EDE6006718DD /* iOS_study_week1 */;
			targetProxy = 305D973E2BF0EDE6006718DD /* PBXContainerItemProxy */;
		};
/* End PBXTargetDependency section */

/* Begin PBXVariantGroup section */
		305D972B2BF0EDE6006718DD /* LaunchScreen.storyboard */ = {
			isa = PBXVariantGroup;
			children = (
				305D972C2BF0EDE6006718DD /* Base */,
			);
			name = LaunchScreen.storyboard;
			sourceTree = "<group>";
		};
/* End PBXVariantGroup section */

/* Begin XCBuildConfiguration section */
		305D97452BF0EDE6006718DD /* Debug */ = {
			isa = XCBuildConfiguration;
			buildSettings = {
				ALWAYS_SEARCH_USER_PATHS = NO;
				ASSETCATALOG_COMPILER_GENERATE_SWIFT_ASSET_SYMBOL_EXTENSIONS = YES;
				CLANG_ANALYZER_NONNULL = YES;
				CLANG_ANALYZER_NUMBER_OBJECT_CONVERSION = YES_AGGRESSIVE;
				CLANG_CXX_LANGUAGE_STANDARD = "gnu++20";
				CLANG_ENABLE_MODULES = YES;
				CLANG_ENABLE_OBJC_ARC = YES;
				CLANG_ENABLE_OBJC_WEAK = YES;
				CLANG_WARN_BLOCK_CAPTURE_AUTORELEASING = YES;
				CLANG_WARN_BOOL_CONVERSION = YES;
				CLANG_WARN_COMMA = YES;
				CLANG_WARN_CONSTANT_CONVERSION = YES;
				CLANG_WARN_DEPRECATED_OBJC_IMPLEMENTATIONS = YES;
				CLANG_WARN_DIRECT_OBJC_ISA_USAGE = YES_ERROR;
				CLANG_WARN_DOCUMENTATION_COMMENTS = YES;
				CLANG_WARN_EMPTY_BODY = YES;
				CLANG_WARN_ENUM_CONVERSION = YES;
				CLANG_WARN_INFINITE_RECURSION = YES;
				CLANG_WARN_INT_CONVERSION = YES;
				CLANG_WARN_NON_LITERAL_NULL_CONVERSION = YES;
				CLANG_WARN_OBJC_IMPLICIT_RETAIN_SELF = YES;
				CLANG_WARN_OBJC_LITERAL_CONVERSION = YES;
				CLANG_WARN_OBJC_ROOT_CLASS = YES_ERROR;
				CLANG_WARN_QUOTED_INCLUDE_IN_FRAMEWORK_HEADER = YES;
				CLANG_WARN_RANGE_LOOP_ANALYSIS = YES;
				CLANG_WARN_STRICT_PROTOTYPES = YES;
				CLANG_WARN_SUSPICIOUS_MOVE = YES;
				CLANG_WARN_UNGUARDED_AVAILABILITY = YES_AGGRESSIVE;
				CLANG_WARN_UNREACHABLE_CODE = YES;
				CLANG_WARN__DUPLICATE_METHOD_MATCH = YES;
				COPY_PHASE_STRIP = NO;
				DEBUG_INFORMATION_FORMAT = dwarf;
				ENABLE_STRICT_OBJC_MSGSEND = YES;
				ENABLE_TESTABILITY = YES;
				ENABLE_USER_SCRIPT_SANDBOXING = YES;
				GCC_C_LANGUAGE_STANDARD = gnu17;
				GCC_DYNAMIC_NO_PIC = NO;
				GCC_NO_COMMON_BLOCKS = YES;
				GCC_OPTIMIZATION_LEVEL = 0;
				GCC_PREPROCESSOR_DEFINITIONS = (
					"DEBUG=1",
					"$(inherited)",
				);
				GCC_WARN_64_TO_32_BIT_CONVERSION = YES;
				GCC_WARN_ABOUT_RETURN_TYPE = YES_ERROR;
				GCC_WARN_UNDECLARED_SELECTOR = YES;
				GCC_WARN_UNINITIALIZED_AUTOS = YES_AGGRESSIVE;
				GCC_WARN_UNUSED_FUNCTION = YES;
				GCC_WARN_UNUSED_VARIABLE = YES;
				IPHONEOS_DEPLOYMENT_TARGET = 17.4;
				LOCALIZATION_PREFERS_STRING_CATALOGS = YES;
				MTL_ENABLE_DEBUG_INFO = INCLUDE_SOURCE;
				MTL_FAST_MATH = YES;
				ONLY_ACTIVE_ARCH = YES;
				SDKROOT = iphoneos;
				SWIFT_ACTIVE_COMPILATION_CONDITIONS = "DEBUG $(inherited)";
				SWIFT_OPTIMIZATION_LEVEL = "-Onone";
			};
			name = Debug;
		};
		305D97462BF0EDE6006718DD /* Release */ = {
			isa = XCBuildConfiguration;
			buildSettings = {
				ALWAYS_SEARCH_USER_PATHS = NO;
				ASSETCATALOG_COMPILER_GENERATE_SWIFT_ASSET_SYMBOL_EXTENSIONS = YES;
				CLANG_ANALYZER_NONNULL = YES;
				CLANG_ANALYZER_NUMBER_OBJECT_CONVERSION = YES_AGGRESSIVE;
				CLANG_CXX_LANGUAGE_STANDARD = "gnu++20";
				CLANG_ENABLE_MODULES = YES;
				CLANG_ENABLE_OBJC_ARC = YES;
				CLANG_ENABLE_OBJC_WEAK = YES;
				CLANG_WARN_BLOCK_CAPTURE_AUTORELEASING = YES;
				CLANG_WARN_BOOL_CONVERSION = YES;
				CLANG_WARN_COMMA = YES;
				CLANG_WARN_CONSTANT_CONVERSION = YES;
				CLANG_WARN_DEPRECATED_OBJC_IMPLEMENTATIONS = YES;
				CLANG_WARN_DIRECT_OBJC_ISA_USAGE = YES_ERROR;
				CLANG_WARN_DOCUMENTATION_COMMENTS = YES;
				CLANG_WARN_EMPTY_BODY = YES;
				CLANG_WARN_ENUM_CONVERSION = YES;
				CLANG_WARN_INFINITE_RECURSION = YES;
				CLANG_WARN_INT_CONVERSION = YES;
				CLANG_WARN_NON_LITERAL_NULL_CONVERSION = YES;
				CLANG_WARN_OBJC_IMPLICIT_RETAIN_SELF = YES;
				CLANG_WARN_OBJC_LITERAL_CONVERSION = YES;
				CLANG_WARN_OBJC_ROOT_CLASS = YES_ERROR;
				CLANG_WARN_QUOTED_INCLUDE_IN_FRAMEWORK_HEADER = YES;
				CLANG_WARN_RANGE_LOOP_ANALYSIS = YES;
				CLANG_WARN_STRICT_PROTOTYPES = YES;
				CLANG_WARN_SUSPICIOUS_MOVE = YES;
				CLANG_WARN_UNGUARDED_AVAILABILITY = YES_AGGRESSIVE;
				CLANG_WARN_UNREACHABLE_CODE = YES;
				CLANG_WARN__DUPLICATE_METHOD_MATCH = YES;
				COPY_PHASE_STRIP = NO;
				DEBUG_INFORMATION_FORMAT = "dwarf-with-dsym";
				ENABLE_NS_ASSERTIONS = NO;
				ENABLE_STRICT_OBJC_MSGSEND = YES;
				ENABLE_USER_SCRIPT_SANDBOXING = YES;
				GCC_C_LANGUAGE_STANDARD = gnu17;
				GCC_NO_COMMON_BLOCKS = YES;
				GCC_WARN_64_TO_32_BIT_CONVERSION = YES;
				GCC_WARN_ABOUT_RETURN_TYPE = YES_ERROR;
				GCC_WARN_UNDECLARED_SELECTOR = YES;
				GCC_WARN_UNINITIALIZED_AUTOS = YES_AGGRESSIVE;
				GCC_WARN_UNUSED_FUNCTION = YES;
				GCC_WARN_UNUSED_VARIABLE = YES;
				IPHONEOS_DEPLOYMENT_TARGET = 17.4;
				LOCALIZATION_PREFERS_STRING_CATALOGS = YES;
				MTL_ENABLE_DEBUG_INFO = NO;
				MTL_FAST_MATH = YES;
				SDKROOT = iphoneos;
				SWIFT_COMPILATION_MODE = wholemodule;
				VALIDATE_PRODUCT = YES;
			};
			name = Release;
		};
		305D97482BF0EDE6006718DD /* Debug */ = {
			isa = XCBuildConfiguration;
			buildSettings = {
				ASSETCATALOG_COMPILER_APPICON_NAME = AppIcon;
				ASSETCATALOG_COMPILER_GLOBAL_ACCENT_COLOR_NAME = AccentColor;
				CODE_SIGN_STYLE = Automatic;
				CURRENT_PROJECT_VERSION = 1;
				GENERATE_INFOPLIST_FILE = YES;
				INFOPLIST_FILE = iOS_study_week1/Info.plist;
				INFOPLIST_KEY_UIApplicationSupportsIndirectInputEvents = YES;
				INFOPLIST_KEY_UILaunchStoryboardName = LaunchScreen;
				INFOPLIST_KEY_UISupportedInterfaceOrientations_iPad = "UIInterfaceOrientationPortrait UIInterfaceOrientationPortraitUpsideDown UIInterfaceOrientationLandscapeLeft UIInterfaceOrientationLandscapeRight";
				INFOPLIST_KEY_UISupportedInterfaceOrientations_iPhone = "UIInterfaceOrientationPortrait UIInterfaceOrientationLandscapeLeft UIInterfaceOrientationLandscapeRight";
				LD_RUNPATH_SEARCH_PATHS = (
					"$(inherited)",
					"@executable_path/Frameworks",
				);
				MARKETING_VERSION = 1.0;
				PRODUCT_BUNDLE_IDENTIFIER = "com.eddy.iOS-study-week1";
				PRODUCT_NAME = "$(TARGET_NAME)";
				SWIFT_EMIT_LOC_STRINGS = YES;
				SWIFT_VERSION = 5.0;
				TARGETED_DEVICE_FAMILY = "1,2";
			};
			name = Debug;
		};
		305D97492BF0EDE6006718DD /* Release */ = {
			isa = XCBuildConfiguration;
			buildSettings = {
				ASSETCATALOG_COMPILER_APPICON_NAME = AppIcon;
				ASSETCATALOG_COMPILER_GLOBAL_ACCENT_COLOR_NAME = AccentColor;
				CODE_SIGN_STYLE = Automatic;
				CURRENT_PROJECT_VERSION = 1;
				GENERATE_INFOPLIST_FILE = YES;
				INFOPLIST_FILE = iOS_study_week1/Info.plist;
				INFOPLIST_KEY_UIApplicationSupportsIndirectInputEvents = YES;
				INFOPLIST_KEY_UILaunchStoryboardName = LaunchScreen;
				INFOPLIST_KEY_UISupportedInterfaceOrientations_iPad = "UIInterfaceOrientationPortrait UIInterfaceOrientationPortraitUpsideDown UIInterfaceOrientationLandscapeLeft UIInterfaceOrientationLandscapeRight";
				INFOPLIST_KEY_UISupportedInterfaceOrientations_iPhone = "UIInterfaceOrientationPortrait UIInterfaceOrientationLandscapeLeft UIInterfaceOrientationLandscapeRight";
				LD_RUNPATH_SEARCH_PATHS = (
					"$(inherited)",
					"@executable_path/Frameworks",
				);
				MARKETING_VERSION = 1.0;
				PRODUCT_BUNDLE_IDENTIFIER = "com.eddy.iOS-study-week1";
				PRODUCT_NAME = "$(TARGET_NAME)";
				SWIFT_EMIT_LOC_STRINGS = YES;
				SWIFT_VERSION = 5.0;
				TARGETED_DEVICE_FAMILY = "1,2";
			};
			name = Release;
		};
		305D974B2BF0EDE6006718DD /* Debug */ = {
			isa = XCBuildConfiguration;
			buildSettings = {
				ALWAYS_EMBED_SWIFT_STANDARD_LIBRARIES = YES;
				BUNDLE_LOADER = "$(TEST_HOST)";
				CODE_SIGN_STYLE = Automatic;
				CURRENT_PROJECT_VERSION = 1;
				GENERATE_INFOPLIST_FILE = YES;
				IPHONEOS_DEPLOYMENT_TARGET = 17.4;
				MARKETING_VERSION = 1.0;
				PRODUCT_BUNDLE_IDENTIFIER = "com.eddy.iOS-study-week1Tests";
				PRODUCT_NAME = "$(TARGET_NAME)";
				SWIFT_EMIT_LOC_STRINGS = NO;
				SWIFT_VERSION = 5.0;
				TARGETED_DEVICE_FAMILY = "1,2";
				TEST_HOST = "$(BUILT_PRODUCTS_DIR)/iOS_study_week1.app/$(BUNDLE_EXECUTABLE_FOLDER_PATH)/iOS_study_week1";
			};
			name = Debug;
		};
		305D974C2BF0EDE6006718DD /* Release */ = {
			isa = XCBuildConfiguration;
			buildSettings = {
				ALWAYS_EMBED_SWIFT_STANDARD_LIBRARIES = YES;
				BUNDLE_LOADER = "$(TEST_HOST)";
				CODE_SIGN_STYLE = Automatic;
				CURRENT_PROJECT_VERSION = 1;
				GENERATE_INFOPLIST_FILE = YES;
				IPHONEOS_DEPLOYMENT_TARGET = 17.4;
				MARKETING_VERSION = 1.0;
				PRODUCT_BUNDLE_IDENTIFIER = "com.eddy.iOS-study-week1Tests";
				PRODUCT_NAME = "$(TARGET_NAME)";
				SWIFT_EMIT_LOC_STRINGS = NO;
				SWIFT_VERSION = 5.0;
				TARGETED_DEVICE_FAMILY = "1,2";
				TEST_HOST = "$(BUILT_PRODUCTS_DIR)/iOS_study_week1.app/$(BUNDLE_EXECUTABLE_FOLDER_PATH)/iOS_study_week1";
			};
			name = Release;
		};
		305D974E2BF0EDE6006718DD /* Debug */ = {
			isa = XCBuildConfiguration;
			buildSettings = {
				ALWAYS_EMBED_SWIFT_STANDARD_LIBRARIES = YES;
				CODE_SIGN_STYLE = Automatic;
				CURRENT_PROJECT_VERSION = 1;
				GENERATE_INFOPLIST_FILE = YES;
				MARKETING_VERSION = 1.0;
				PRODUCT_BUNDLE_IDENTIFIER = "com.eddy.iOS-study-week1UITests";
				PRODUCT_NAME = "$(TARGET_NAME)";
				SWIFT_EMIT_LOC_STRINGS = NO;
				SWIFT_VERSION = 5.0;
				TARGETED_DEVICE_FAMILY = "1,2";
				TEST_TARGET_NAME = iOS_study_week1;
			};
			name = Debug;
		};
		305D974F2BF0EDE6006718DD /* Release */ = {
			isa = XCBuildConfiguration;
			buildSettings = {
				ALWAYS_EMBED_SWIFT_STANDARD_LIBRARIES = YES;
				CODE_SIGN_STYLE = Automatic;
				CURRENT_PROJECT_VERSION = 1;
				GENERATE_INFOPLIST_FILE = YES;
				MARKETING_VERSION = 1.0;
				PRODUCT_BUNDLE_IDENTIFIER = "com.eddy.iOS-study-week1UITests";
				PRODUCT_NAME = "$(TARGET_NAME)";
				SWIFT_EMIT_LOC_STRINGS = NO;
				SWIFT_VERSION = 5.0;
				TARGETED_DEVICE_FAMILY = "1,2";
				TEST_TARGET_NAME = iOS_study_week1;
			};
			name = Release;
		};
/* End XCBuildConfiguration section */

/* Begin XCConfigurationList section */
		305D97182BF0EDE6006718DD /* Build configuration list for PBXProject "iOS_study_week1" */ = {
			isa = XCConfigurationList;
			buildConfigurations = (
				305D97452BF0EDE6006718DD /* Debug */,
				305D97462BF0EDE6006718DD /* Release */,
			);
			defaultConfigurationIsVisible = 0;
			defaultConfigurationName = Release;
		};
		305D97472BF0EDE6006718DD /* Build configuration list for PBXNativeTarget "iOS_study_week1" */ = {
			isa = XCConfigurationList;
			buildConfigurations = (
				305D97482BF0EDE6006718DD /* Debug */,
				305D97492BF0EDE6006718DD /* Release */,
			);
			defaultConfigurationIsVisible = 0;
			defaultConfigurationName = Release;
		};
		305D974A2BF0EDE6006718DD /* Build configuration list for PBXNativeTarget "iOS_study_week1Tests" */ = {
			isa = XCConfigurationList;
			buildConfigurations = (
				305D974B2BF0EDE6006718DD /* Debug */,
				305D974C2BF0EDE6006718DD /* Release */,
			);
			defaultConfigurationIsVisible = 0;
			defaultConfigurationName = Release;
		};
		305D974D2BF0EDE6006718DD /* Build configuration list for PBXNativeTarget "iOS_study_week1UITests" */ = {
			isa = XCConfigurationList;
			buildConfigurations = (
				305D974E2BF0EDE6006718DD /* Debug */,
				305D974F2BF0EDE6006718DD /* Release */,
			);
			defaultConfigurationIsVisible = 0;
			defaultConfigurationName = Release;
		};
/* End XCConfigurationList section */
	};
	rootObject = 305D97152BF0EDE6006718DD /* Project object */;
}
