// !$*UTF8*$!
{
	archiveVersion = 1;
	classes = {
	};
	objectVersion = 56;
	objects = {

/* Begin PBXBuildFile section */
		30F8B5F32BC5448100CBA992 /* AppDelegate.swift in Sources */ = {isa = PBXBuildFile; fileRef = 30F8B5F22BC5448100CBA992 /* AppDelegate.swift */; };
		30F8B5F52BC5448100CBA992 /* SceneDelegate.swift in Sources */ = {isa = PBXBuildFile; fileRef = 30F8B5F42BC5448100CBA992 /* SceneDelegate.swift */; };
		30F8B5F72BC5448100CBA992 /* ViewController.swift in Sources */ = {isa = PBXBuildFile; fileRef = 30F8B5F62BC5448100CBA992 /* ViewController.swift */; };
		30F8B5FC2BC5448100CBA992 /* Assets.xcassets in Resources */ = {isa = PBXBuildFile; fileRef = 30F8B5FB2BC5448100CBA992 /* Assets.xcassets */; };
		30F8B5FF2BC5448100CBA992 /* Base in Resources */ = {isa = PBXBuildFile; fileRef = 30F8B5FE2BC5448100CBA992 /* Base */; };
		30F8B60A2BC5448200CBA992 /* iOS_study_week1Tests.swift in Sources */ = {isa = PBXBuildFile; fileRef = 30F8B6092BC5448200CBA992 /* iOS_study_week1Tests.swift */; };
		30F8B6142BC5448200CBA992 /* iOS_study_week1UITests.swift in Sources */ = {isa = PBXBuildFile; fileRef = 30F8B6132BC5448200CBA992 /* iOS_study_week1UITests.swift */; };
		30F8B6162BC5448200CBA992 /* iOS_study_week1UITestsLaunchTests.swift in Sources */ = {isa = PBXBuildFile; fileRef = 30F8B6152BC5448200CBA992 /* iOS_study_week1UITestsLaunchTests.swift */; };
/* End PBXBuildFile section */

/* Begin PBXContainerItemProxy section */
		30F8B6062BC5448200CBA992 /* PBXContainerItemProxy */ = {
			isa = PBXContainerItemProxy;
			containerPortal = 30F8B5E72BC5448100CBA992 /* Project object */;
			proxyType = 1;
			remoteGlobalIDString = 30F8B5EE2BC5448100CBA992;
			remoteInfo = iOS_study_week1;
		};
		30F8B6102BC5448200CBA992 /* PBXContainerItemProxy */ = {
			isa = PBXContainerItemProxy;
			containerPortal = 30F8B5E72BC5448100CBA992 /* Project object */;
			proxyType = 1;
			remoteGlobalIDString = 30F8B5EE2BC5448100CBA992;
			remoteInfo = iOS_study_week1;
		};
/* End PBXContainerItemProxy section */

/* Begin PBXFileReference section */
		30F8B5EF2BC5448100CBA992 /* iOS_study_week1.app */ = {isa = PBXFileReference; explicitFileType = wrapper.application; includeInIndex = 0; path = iOS_study_week1.app; sourceTree = BUILT_PRODUCTS_DIR; };
		30F8B5F22BC5448100CBA992 /* AppDelegate.swift */ = {isa = PBXFileReference; lastKnownFileType = sourcecode.swift; path = AppDelegate.swift; sourceTree = "<group>"; };
		30F8B5F42BC5448100CBA992 /* SceneDelegate.swift */ = {isa = PBXFileReference; lastKnownFileType = sourcecode.swift; path = SceneDelegate.swift; sourceTree = "<group>"; };
		30F8B5F62BC5448100CBA992 /* ViewController.swift */ = {isa = PBXFileReference; lastKnownFileType = sourcecode.swift; path = ViewController.swift; sourceTree = "<group>"; };
		30F8B5FB2BC5448100CBA992 /* Assets.xcassets */ = {isa = PBXFileReference; lastKnownFileType = folder.assetcatalog; path = Assets.xcassets; sourceTree = "<group>"; };
		30F8B5FE2BC5448100CBA992 /* Base */ = {isa = PBXFileReference; lastKnownFileType = file.storyboard; name = Base; path = Base.lproj/LaunchScreen.storyboard; sourceTree = "<group>"; };
		30F8B6002BC5448100CBA992 /* Info.plist */ = {isa = PBXFileReference; lastKnownFileType = text.plist.xml; path = Info.plist; sourceTree = "<group>"; };
		30F8B6052BC5448200CBA992 /* iOS_study_week1Tests.xctest */ = {isa = PBXFileReference; explicitFileType = wrapper.cfbundle; includeInIndex = 0; path = iOS_study_week1Tests.xctest; sourceTree = BUILT_PRODUCTS_DIR; };
		30F8B6092BC5448200CBA992 /* iOS_study_week1Tests.swift */ = {isa = PBXFileReference; lastKnownFileType = sourcecode.swift; path = iOS_study_week1Tests.swift; sourceTree = "<group>"; };
		30F8B60F2BC5448200CBA992 /* iOS_study_week1UITests.xctest */ = {isa = PBXFileReference; explicitFileType = wrapper.cfbundle; includeInIndex = 0; path = iOS_study_week1UITests.xctest; sourceTree = BUILT_PRODUCTS_DIR; };
		30F8B6132BC5448200CBA992 /* iOS_study_week1UITests.swift */ = {isa = PBXFileReference; lastKnownFileType = sourcecode.swift; path = iOS_study_week1UITests.swift; sourceTree = "<group>"; };
		30F8B6152BC5448200CBA992 /* iOS_study_week1UITestsLaunchTests.swift */ = {isa = PBXFileReference; lastKnownFileType = sourcecode.swift; path = iOS_study_week1UITestsLaunchTests.swift; sourceTree = "<group>"; };
/* End PBXFileReference section */

/* Begin PBXFrameworksBuildPhase section */
		30F8B5EC2BC5448100CBA992 /* Frameworks */ = {
			isa = PBXFrameworksBuildPhase;
			buildActionMask = 2147483647;
			files = (
			);
			runOnlyForDeploymentPostprocessing = 0;
		};
		30F8B6022BC5448200CBA992 /* Frameworks */ = {
			isa = PBXFrameworksBuildPhase;
			buildActionMask = 2147483647;
			files = (
			);
			runOnlyForDeploymentPostprocessing = 0;
		};
		30F8B60C2BC5448200CBA992 /* Frameworks */ = {
			isa = PBXFrameworksBuildPhase;
			buildActionMask = 2147483647;
			files = (
			);
			runOnlyForDeploymentPostprocessing = 0;
		};
/* End PBXFrameworksBuildPhase section */

/* Begin PBXGroup section */
		30F8B5E62BC5448100CBA992 = {
			isa = PBXGroup;
			children = (
				30F8B5F12BC5448100CBA992 /* iOS_study_week1 */,
				30F8B6082BC5448200CBA992 /* iOS_study_week1Tests */,
				30F8B6122BC5448200CBA992 /* iOS_study_week1UITests */,
				30F8B5F02BC5448100CBA992 /* Products */,
			);
			sourceTree = "<group>";
		};
		30F8B5F02BC5448100CBA992 /* Products */ = {
			isa = PBXGroup;
			children = (
				30F8B5EF2BC5448100CBA992 /* iOS_study_week1.app */,
				30F8B6052BC5448200CBA992 /* iOS_study_week1Tests.xctest */,
				30F8B60F2BC5448200CBA992 /* iOS_study_week1UITests.xctest */,
			);
			name = Products;
			sourceTree = "<group>";
		};
		30F8B5F12BC5448100CBA992 /* iOS_study_week1 */ = {
			isa = PBXGroup;
			children = (
				30F8B5F22BC5448100CBA992 /* AppDelegate.swift */,
				30F8B5F42BC5448100CBA992 /* SceneDelegate.swift */,
				30F8B5F62BC5448100CBA992 /* ViewController.swift */,
				30F8B5FB2BC5448100CBA992 /* Assets.xcassets */,
				30F8B5FD2BC5448100CBA992 /* LaunchScreen.storyboard */,
				30F8B6002BC5448100CBA992 /* Info.plist */,
			);
			path = iOS_study_week1;
			sourceTree = "<group>";
		};
		30F8B6082BC5448200CBA992 /* iOS_study_week1Tests */ = {
			isa = PBXGroup;
			children = (
				30F8B6092BC5448200CBA992 /* iOS_study_week1Tests.swift */,
			);
			path = iOS_study_week1Tests;
			sourceTree = "<group>";
		};
		30F8B6122BC5448200CBA992 /* iOS_study_week1UITests */ = {
			isa = PBXGroup;
			children = (
				30F8B6132BC5448200CBA992 /* iOS_study_week1UITests.swift */,
				30F8B6152BC5448200CBA992 /* iOS_study_week1UITestsLaunchTests.swift */,
			);
			path = iOS_study_week1UITests;
			sourceTree = "<group>";
		};
/* End PBXGroup section */

/* Begin PBXNativeTarget section */
		30F8B5EE2BC5448100CBA992 /* iOS_study_week1 */ = {
			isa = PBXNativeTarget;
			buildConfigurationList = 30F8B6192BC5448200CBA992 /* Build configuration list for PBXNativeTarget "iOS_study_week1" */;
			buildPhases = (
				30F8B5EB2BC5448100CBA992 /* Sources */,
				30F8B5EC2BC5448100CBA992 /* Frameworks */,
				30F8B5ED2BC5448100CBA992 /* Resources */,
			);
			buildRules = (
			);
			dependencies = (
			);
			name = iOS_study_week1;
			productName = iOS_study_week1;
			productReference = 30F8B5EF2BC5448100CBA992 /* iOS_study_week1.app */;
			productType = "com.apple.product-type.application";
		};
		30F8B6042BC5448200CBA992 /* iOS_study_week1Tests */ = {
			isa = PBXNativeTarget;
			buildConfigurationList = 30F8B61C2BC5448200CBA992 /* Build configuration list for PBXNativeTarget "iOS_study_week1Tests" */;
			buildPhases = (
				30F8B6012BC5448200CBA992 /* Sources */,
				30F8B6022BC5448200CBA992 /* Frameworks */,
				30F8B6032BC5448200CBA992 /* Resources */,
			);
			buildRules = (
			);
			dependencies = (
				30F8B6072BC5448200CBA992 /* PBXTargetDependency */,
			);
			name = iOS_study_week1Tests;
			productName = iOS_study_week1Tests;
			productReference = 30F8B6052BC5448200CBA992 /* iOS_study_week1Tests.xctest */;
			productType = "com.apple.product-type.bundle.unit-test";
		};
		30F8B60E2BC5448200CBA992 /* iOS_study_week1UITests */ = {
			isa = PBXNativeTarget;
			buildConfigurationList = 30F8B61F2BC5448200CBA992 /* Build configuration list for PBXNativeTarget "iOS_study_week1UITests" */;
			buildPhases = (
				30F8B60B2BC5448200CBA992 /* Sources */,
				30F8B60C2BC5448200CBA992 /* Frameworks */,
				30F8B60D2BC5448200CBA992 /* Resources */,
			);
			buildRules = (
			);
			dependencies = (
				30F8B6112BC5448200CBA992 /* PBXTargetDependency */,
			);
			name = iOS_study_week1UITests;
			productName = iOS_study_week1UITests;
			productReference = 30F8B60F2BC5448200CBA992 /* iOS_study_week1UITests.xctest */;
			productType = "com.apple.product-type.bundle.ui-testing";
		};
/* End PBXNativeTarget section */

/* Begin PBXProject section */
		30F8B5E72BC5448100CBA992 /* Project object */ = {
			isa = PBXProject;
			attributes = {
				BuildIndependentTargetsInParallel = 1;
				LastSwiftUpdateCheck = 1530;
				LastUpgradeCheck = 1530;
				TargetAttributes = {
					30F8B5EE2BC5448100CBA992 = {
						CreatedOnToolsVersion = 15.3;
					};
					30F8B6042BC5448200CBA992 = {
						CreatedOnToolsVersion = 15.3;
						TestTargetID = 30F8B5EE2BC5448100CBA992;
					};
					30F8B60E2BC5448200CBA992 = {
						CreatedOnToolsVersion = 15.3;
						TestTargetID = 30F8B5EE2BC5448100CBA992;
					};
				};
			};
			buildConfigurationList = 30F8B5EA2BC5448100CBA992 /* Build configuration list for PBXProject "iOS_study_week1" */;
			compatibilityVersion = "Xcode 14.0";
			developmentRegion = en;
			hasScannedForEncodings = 0;
			knownRegions = (
				en,
				Base,
			);
			mainGroup = 30F8B5E62BC5448100CBA992;
			productRefGroup = 30F8B5F02BC5448100CBA992 /* Products */;
			projectDirPath = "";
			projectRoot = "";
			targets = (
				30F8B5EE2BC5448100CBA992 /* iOS_study_week1 */,
				30F8B6042BC5448200CBA992 /* iOS_study_week1Tests */,
				30F8B60E2BC5448200CBA992 /* iOS_study_week1UITests */,
			);
		};
/* End PBXProject section */

/* Begin PBXResourcesBuildPhase section */
		30F8B5ED2BC5448100CBA992 /* Resources */ = {
			isa = PBXResourcesBuildPhase;
			buildActionMask = 2147483647;
			files = (
				30F8B5FC2BC5448100CBA992 /* Assets.xcassets in Resources */,
				30F8B5FF2BC5448100CBA992 /* Base in Resources */,
			);
			runOnlyForDeploymentPostprocessing = 0;
		};
		30F8B6032BC5448200CBA992 /* Resources */ = {
			isa = PBXResourcesBuildPhase;
			buildActionMask = 2147483647;
			files = (
			);
			runOnlyForDeploymentPostprocessing = 0;
		};
		30F8B60D2BC5448200CBA992 /* Resources */ = {
			isa = PBXResourcesBuildPhase;
			buildActionMask = 2147483647;
			files = (
			);
			runOnlyForDeploymentPostprocessing = 0;
		};
/* End PBXResourcesBuildPhase section */

/* Begin PBXSourcesBuildPhase section */
		30F8B5EB2BC5448100CBA992 /* Sources */ = {
			isa = PBXSourcesBuildPhase;
			buildActionMask = 2147483647;
			files = (
				30F8B5F72BC5448100CBA992 /* ViewController.swift in Sources */,
				30F8B5F32BC5448100CBA992 /* AppDelegate.swift in Sources */,
				30F8B5F52BC5448100CBA992 /* SceneDelegate.swift in Sources */,
			);
			runOnlyForDeploymentPostprocessing = 0;
		};
		30F8B6012BC5448200CBA992 /* Sources */ = {
			isa = PBXSourcesBuildPhase;
			buildActionMask = 2147483647;
			files = (
				30F8B60A2BC5448200CBA992 /* iOS_study_week1Tests.swift in Sources */,
			);
			runOnlyForDeploymentPostprocessing = 0;
		};
		30F8B60B2BC5448200CBA992 /* Sources */ = {
			isa = PBXSourcesBuildPhase;
			buildActionMask = 2147483647;
			files = (
				30F8B6162BC5448200CBA992 /* iOS_study_week1UITestsLaunchTests.swift in Sources */,
				30F8B6142BC5448200CBA992 /* iOS_study_week1UITests.swift in Sources */,
			);
			runOnlyForDeploymentPostprocessing = 0;
		};
/* End PBXSourcesBuildPhase section */

/* Begin PBXTargetDependency section */
		30F8B6072BC5448200CBA992 /* PBXTargetDependency */ = {
			isa = PBXTargetDependency;
			target = 30F8B5EE2BC5448100CBA992 /* iOS_study_week1 */;
			targetProxy = 30F8B6062BC5448200CBA992 /* PBXContainerItemProxy */;
		};
		30F8B6112BC5448200CBA992 /* PBXTargetDependency */ = {
			isa = PBXTargetDependency;
			target = 30F8B5EE2BC5448100CBA992 /* iOS_study_week1 */;
			targetProxy = 30F8B6102BC5448200CBA992 /* PBXContainerItemProxy */;
		};
/* End PBXTargetDependency section */

/* Begin PBXVariantGroup section */
		30F8B5FD2BC5448100CBA992 /* LaunchScreen.storyboard */ = {
			isa = PBXVariantGroup;
			children = (
				30F8B5FE2BC5448100CBA992 /* Base */,
			);
			name = LaunchScreen.storyboard;
			sourceTree = "<group>";
		};
/* End PBXVariantGroup section */

/* Begin XCBuildConfiguration section */
		30F8B6172BC5448200CBA992 /* Debug */ = {
			isa = XCBuildConfiguration;
			buildSettings = {
				ALWAYS_SEARCH_USER_PATHS = NO;
				ASSETCATALOG_COMPILER_GENERATE_SWIFT_ASSET_SYMBOL_EXTENSIONS = YES;
				CLANG_ANALYZER_NONNULL = YES;
				CLANG_ANALYZER_NUMBER_OBJECT_CONVERSION = YES_AGGRESSIVE;
				CLANG_CXX_LANGUAGE_STANDARD = "gnu++20";
				CLANG_ENABLE_MODULES = YES;
				CLANG_ENABLE_OBJC_ARC = YES;
				CLANG_ENABLE_OBJC_WEAK = YES;
				CLANG_WARN_BLOCK_CAPTURE_AUTORELEASING = YES;
				CLANG_WARN_BOOL_CONVERSION = YES;
				CLANG_WARN_COMMA = YES;
				CLANG_WARN_CONSTANT_CONVERSION = YES;
				CLANG_WARN_DEPRECATED_OBJC_IMPLEMENTATIONS = YES;
				CLANG_WARN_DIRECT_OBJC_ISA_USAGE = YES_ERROR;
				CLANG_WARN_DOCUMENTATION_COMMENTS = YES;
				CLANG_WARN_EMPTY_BODY = YES;
				CLANG_WARN_ENUM_CONVERSION = YES;
				CLANG_WARN_INFINITE_RECURSION = YES;
				CLANG_WARN_INT_CONVERSION = YES;
				CLANG_WARN_NON_LITERAL_NULL_CONVERSION = YES;
				CLANG_WARN_OBJC_IMPLICIT_RETAIN_SELF = YES;
				CLANG_WARN_OBJC_LITERAL_CONVERSION = YES;
				CLANG_WARN_OBJC_ROOT_CLASS = YES_ERROR;
				CLANG_WARN_QUOTED_INCLUDE_IN_FRAMEWORK_HEADER = YES;
				CLANG_WARN_RANGE_LOOP_ANALYSIS = YES;
				CLANG_WARN_STRICT_PROTOTYPES = YES;
				CLANG_WARN_SUSPICIOUS_MOVE = YES;
				CLANG_WARN_UNGUARDED_AVAILABILITY = YES_AGGRESSIVE;
				CLANG_WARN_UNREACHABLE_CODE = YES;
				CLANG_WARN__DUPLICATE_METHOD_MATCH = YES;
				COPY_PHASE_STRIP = NO;
				DEBUG_INFORMATION_FORMAT = dwarf;
				ENABLE_STRICT_OBJC_MSGSEND = YES;
				ENABLE_TESTABILITY = YES;
				ENABLE_USER_SCRIPT_SANDBOXING = YES;
				GCC_C_LANGUAGE_STANDARD = gnu17;
				GCC_DYNAMIC_NO_PIC = NO;
				GCC_NO_COMMON_BLOCKS = YES;
				GCC_OPTIMIZATION_LEVEL = 0;
				GCC_PREPROCESSOR_DEFINITIONS = (
					"DEBUG=1",
					"$(inherited)",
				);
				GCC_WARN_64_TO_32_BIT_CONVERSION = YES;
				GCC_WARN_ABOUT_RETURN_TYPE = YES_ERROR;
				GCC_WARN_UNDECLARED_SELECTOR = YES;
				GCC_WARN_UNINITIALIZED_AUTOS = YES_AGGRESSIVE;
				GCC_WARN_UNUSED_FUNCTION = YES;
				GCC_WARN_UNUSED_VARIABLE = YES;
				IPHONEOS_DEPLOYMENT_TARGET = 17.4;
				LOCALIZATION_PREFERS_STRING_CATALOGS = YES;
				MTL_ENABLE_DEBUG_INFO = INCLUDE_SOURCE;
				MTL_FAST_MATH = YES;
				ONLY_ACTIVE_ARCH = YES;
				SDKROOT = iphoneos;
				SWIFT_ACTIVE_COMPILATION_CONDITIONS = "DEBUG $(inherited)";
				SWIFT_OPTIMIZATION_LEVEL = "-Onone";
			};
			name = Debug;
		};
		30F8B6182BC5448200CBA992 /* Release */ = {
			isa = XCBuildConfiguration;
			buildSettings = {
				ALWAYS_SEARCH_USER_PATHS = NO;
				ASSETCATALOG_COMPILER_GENERATE_SWIFT_ASSET_SYMBOL_EXTENSIONS = YES;
				CLANG_ANALYZER_NONNULL = YES;
				CLANG_ANALYZER_NUMBER_OBJECT_CONVERSION = YES_AGGRESSIVE;
				CLANG_CXX_LANGUAGE_STANDARD = "gnu++20";
				CLANG_ENABLE_MODULES = YES;
				CLANG_ENABLE_OBJC_ARC = YES;
				CLANG_ENABLE_OBJC_WEAK = YES;
				CLANG_WARN_BLOCK_CAPTURE_AUTORELEASING = YES;
				CLANG_WARN_BOOL_CONVERSION = YES;
				CLANG_WARN_COMMA = YES;
				CLANG_WARN_CONSTANT_CONVERSION = YES;
				CLANG_WARN_DEPRECATED_OBJC_IMPLEMENTATIONS = YES;
				CLANG_WARN_DIRECT_OBJC_ISA_USAGE = YES_ERROR;
				CLANG_WARN_DOCUMENTATION_COMMENTS = YES;
				CLANG_WARN_EMPTY_BODY = YES;
				CLANG_WARN_ENUM_CONVERSION = YES;
				CLANG_WARN_INFINITE_RECURSION = YES;
				CLANG_WARN_INT_CONVERSION = YES;
				CLANG_WARN_NON_LITERAL_NULL_CONVERSION = YES;
				CLANG_WARN_OBJC_IMPLICIT_RETAIN_SELF = YES;
				CLANG_WARN_OBJC_LITERAL_CONVERSION = YES;
				CLANG_WARN_OBJC_ROOT_CLASS = YES_ERROR;
				CLANG_WARN_QUOTED_INCLUDE_IN_FRAMEWORK_HEADER = YES;
				CLANG_WARN_RANGE_LOOP_ANALYSIS = YES;
				CLANG_WARN_STRICT_PROTOTYPES = YES;
				CLANG_WARN_SUSPICIOUS_MOVE = YES;
				CLANG_WARN_UNGUARDED_AVAILABILITY = YES_AGGRESSIVE;
				CLANG_WARN_UNREACHABLE_CODE = YES;
				CLANG_WARN__DUPLICATE_METHOD_MATCH = YES;
				COPY_PHASE_STRIP = NO;
				DEBUG_INFORMATION_FORMAT = "dwarf-with-dsym";
				ENABLE_NS_ASSERTIONS = NO;
				ENABLE_STRICT_OBJC_MSGSEND = YES;
				ENABLE_USER_SCRIPT_SANDBOXING = YES;
				GCC_C_LANGUAGE_STANDARD = gnu17;
				GCC_NO_COMMON_BLOCKS = YES;
				GCC_WARN_64_TO_32_BIT_CONVERSION = YES;
				GCC_WARN_ABOUT_RETURN_TYPE = YES_ERROR;
				GCC_WARN_UNDECLARED_SELECTOR = YES;
				GCC_WARN_UNINITIALIZED_AUTOS = YES_AGGRESSIVE;
				GCC_WARN_UNUSED_FUNCTION = YES;
				GCC_WARN_UNUSED_VARIABLE = YES;
				IPHONEOS_DEPLOYMENT_TARGET = 17.4;
				LOCALIZATION_PREFERS_STRING_CATALOGS = YES;
				MTL_ENABLE_DEBUG_INFO = NO;
				MTL_FAST_MATH = YES;
				SDKROOT = iphoneos;
				SWIFT_COMPILATION_MODE = wholemodule;
				VALIDATE_PRODUCT = YES;
			};
			name = Release;
		};
		30F8B61A2BC5448200CBA992 /* Debug */ = {
			isa = XCBuildConfiguration;
			buildSettings = {
				ASSETCATALOG_COMPILER_APPICON_NAME = AppIcon;
				ASSETCATALOG_COMPILER_GLOBAL_ACCENT_COLOR_NAME = AccentColor;
				CODE_SIGN_STYLE = Automatic;
				CURRENT_PROJECT_VERSION = 1;
				GENERATE_INFOPLIST_FILE = YES;
				INFOPLIST_FILE = iOS_study_week1/Info.plist;
				INFOPLIST_KEY_UIApplicationSupportsIndirectInputEvents = YES;
				INFOPLIST_KEY_UILaunchStoryboardName = LaunchScreen;
				INFOPLIST_KEY_UISupportedInterfaceOrientations_iPad = "UIInterfaceOrientationPortrait UIInterfaceOrientationPortraitUpsideDown UIInterfaceOrientationLandscapeLeft UIInterfaceOrientationLandscapeRight";
				INFOPLIST_KEY_UISupportedInterfaceOrientations_iPhone = "UIInterfaceOrientationPortrait UIInterfaceOrientationLandscapeLeft UIInterfaceOrientationLandscapeRight";
				LD_RUNPATH_SEARCH_PATHS = (
					"$(inherited)",
					"@executable_path/Frameworks",
				);
				MARKETING_VERSION = 1.0;
				PRODUCT_BUNDLE_IDENTIFIER = "com.eddy.iOS-study-week1";
				PRODUCT_NAME = "$(TARGET_NAME)";
				SWIFT_EMIT_LOC_STRINGS = YES;
				SWIFT_VERSION = 5.0;
				TARGETED_DEVICE_FAMILY = "1,2";
			};
			name = Debug;
		};
		30F8B61B2BC5448200CBA992 /* Release */ = {
			isa = XCBuildConfiguration;
			buildSettings = {
				ASSETCATALOG_COMPILER_APPICON_NAME = AppIcon;
				ASSETCATALOG_COMPILER_GLOBAL_ACCENT_COLOR_NAME = AccentColor;
				CODE_SIGN_STYLE = Automatic;
				CURRENT_PROJECT_VERSION = 1;
				GENERATE_INFOPLIST_FILE = YES;
				INFOPLIST_FILE = iOS_study_week1/Info.plist;
				INFOPLIST_KEY_UIApplicationSupportsIndirectInputEvents = YES;
				INFOPLIST_KEY_UILaunchStoryboardName = LaunchScreen;
				INFOPLIST_KEY_UISupportedInterfaceOrientations_iPad = "UIInterfaceOrientationPortrait UIInterfaceOrientationPortraitUpsideDown UIInterfaceOrientationLandscapeLeft UIInterfaceOrientationLandscapeRight";
				INFOPLIST_KEY_UISupportedInterfaceOrientations_iPhone = "UIInterfaceOrientationPortrait UIInterfaceOrientationLandscapeLeft UIInterfaceOrientationLandscapeRight";
				LD_RUNPATH_SEARCH_PATHS = (
					"$(inherited)",
					"@executable_path/Frameworks",
				);
				MARKETING_VERSION = 1.0;
				PRODUCT_BUNDLE_IDENTIFIER = "com.eddy.iOS-study-week1";
				PRODUCT_NAME = "$(TARGET_NAME)";
				SWIFT_EMIT_LOC_STRINGS = YES;
				SWIFT_VERSION = 5.0;
				TARGETED_DEVICE_FAMILY = "1,2";
			};
			name = Release;
		};
		30F8B61D2BC5448200CBA992 /* Debug */ = {
			isa = XCBuildConfiguration;
			buildSettings = {
				ALWAYS_EMBED_SWIFT_STANDARD_LIBRARIES = YES;
				BUNDLE_LOADER = "$(TEST_HOST)";
				CODE_SIGN_STYLE = Automatic;
				CURRENT_PROJECT_VERSION = 1;
				GENERATE_INFOPLIST_FILE = YES;
				IPHONEOS_DEPLOYMENT_TARGET = 17.4;
				MARKETING_VERSION = 1.0;
				PRODUCT_BUNDLE_IDENTIFIER = "com.eddy.iOS-study-week1Tests";
				PRODUCT_NAME = "$(TARGET_NAME)";
				SWIFT_EMIT_LOC_STRINGS = NO;
				SWIFT_VERSION = 5.0;
				TARGETED_DEVICE_FAMILY = "1,2";
				TEST_HOST = "$(BUILT_PRODUCTS_DIR)/iOS_study_week1.app/$(BUNDLE_EXECUTABLE_FOLDER_PATH)/iOS_study_week1";
			};
			name = Debug;
		};
		30F8B61E2BC5448200CBA992 /* Release */ = {
			isa = XCBuildConfiguration;
			buildSettings = {
				ALWAYS_EMBED_SWIFT_STANDARD_LIBRARIES = YES;
				BUNDLE_LOADER = "$(TEST_HOST)";
				CODE_SIGN_STYLE = Automatic;
				CURRENT_PROJECT_VERSION = 1;
				GENERATE_INFOPLIST_FILE = YES;
				IPHONEOS_DEPLOYMENT_TARGET = 17.4;
				MARKETING_VERSION = 1.0;
				PRODUCT_BUNDLE_IDENTIFIER = "com.eddy.iOS-study-week1Tests";
				PRODUCT_NAME = "$(TARGET_NAME)";
				SWIFT_EMIT_LOC_STRINGS = NO;
				SWIFT_VERSION = 5.0;
				TARGETED_DEVICE_FAMILY = "1,2";
				TEST_HOST = "$(BUILT_PRODUCTS_DIR)/iOS_study_week1.app/$(BUNDLE_EXECUTABLE_FOLDER_PATH)/iOS_study_week1";
			};
			name = Release;
		};
		30F8B6202BC5448200CBA992 /* Debug */ = {
			isa = XCBuildConfiguration;
			buildSettings = {
				ALWAYS_EMBED_SWIFT_STANDARD_LIBRARIES = YES;
				CODE_SIGN_STYLE = Automatic;
				CURRENT_PROJECT_VERSION = 1;
				GENERATE_INFOPLIST_FILE = YES;
				MARKETING_VERSION = 1.0;
				PRODUCT_BUNDLE_IDENTIFIER = "com.eddy.iOS-study-week1UITests";
				PRODUCT_NAME = "$(TARGET_NAME)";
				SWIFT_EMIT_LOC_STRINGS = NO;
				SWIFT_VERSION = 5.0;
				TARGETED_DEVICE_FAMILY = "1,2";
				TEST_TARGET_NAME = iOS_study_week1;
			};
			name = Debug;
		};
		30F8B6212BC5448200CBA992 /* Release */ = {
			isa = XCBuildConfiguration;
			buildSettings = {
				ALWAYS_EMBED_SWIFT_STANDARD_LIBRARIES = YES;
				CODE_SIGN_STYLE = Automatic;
				CURRENT_PROJECT_VERSION = 1;
				GENERATE_INFOPLIST_FILE = YES;
				MARKETING_VERSION = 1.0;
				PRODUCT_BUNDLE_IDENTIFIER = "com.eddy.iOS-study-week1UITests";
				PRODUCT_NAME = "$(TARGET_NAME)";
				SWIFT_EMIT_LOC_STRINGS = NO;
				SWIFT_VERSION = 5.0;
				TARGETED_DEVICE_FAMILY = "1,2";
				TEST_TARGET_NAME = iOS_study_week1;
			};
			name = Release;
		};
/* End XCBuildConfiguration section */

/* Begin XCConfigurationList section */
		30F8B5EA2BC5448100CBA992 /* Build configuration list for PBXProject "iOS_study_week1" */ = {
			isa = XCConfigurationList;
			buildConfigurations = (
				30F8B6172BC5448200CBA992 /* Debug */,
				30F8B6182BC5448200CBA992 /* Release */,
			);
			defaultConfigurationIsVisible = 0;
			defaultConfigurationName = Release;
		};
		30F8B6192BC5448200CBA992 /* Build configuration list for PBXNativeTarget "iOS_study_week1" */ = {
			isa = XCConfigurationList;
			buildConfigurations = (
				30F8B61A2BC5448200CBA992 /* Debug */,
				30F8B61B2BC5448200CBA992 /* Release */,
			);
			defaultConfigurationIsVisible = 0;
			defaultConfigurationName = Release;
		};
		30F8B61C2BC5448200CBA992 /* Build configuration list for PBXNativeTarget "iOS_study_week1Tests" */ = {
			isa = XCConfigurationList;
			buildConfigurations = (
				30F8B61D2BC5448200CBA992 /* Debug */,
				30F8B61E2BC5448200CBA992 /* Release */,
			);
			defaultConfigurationIsVisible = 0;
			defaultConfigurationName = Release;
		};
		30F8B61F2BC5448200CBA992 /* Build configuration list for PBXNativeTarget "iOS_study_week1UITests" */ = {
			isa = XCConfigurationList;
			buildConfigurations = (
				30F8B6202BC5448200CBA992 /* Debug */,
				30F8B6212BC5448200CBA992 /* Release */,
			);
			defaultConfigurationIsVisible = 0;
			defaultConfigurationName = Release;
		};
/* End XCConfigurationList section */
	};
	rootObject = 30F8B5E72BC5448100CBA992 /* Project object */;
}
