// !$*UTF8*$!
{
	archiveVersion = 1;
	classes = {
	};
	objectVersion = 56;
	objects = {

/* Begin PBXBuildFile section */
		1A608B672BE941E4002BD477 /* CartViewController.swift in Sources */ = {isa = PBXBuildFile; fileRef = 1A608B662BE941E4002BD477 /* CartViewController.swift */; };
		1AB61B9B2BE7B98F00B1F6B7 /* AppDelegate.swift in Sources */ = {isa = PBXBuildFile; fileRef = 1AB61B9A2BE7B98F00B1F6B7 /* AppDelegate.swift */; };
		1AB61B9D2BE7B98F00B1F6B7 /* SceneDelegate.swift in Sources */ = {isa = PBXBuildFile; fileRef = 1AB61B9C2BE7B98F00B1F6B7 /* SceneDelegate.swift */; };
		1AB61B9F2BE7B98F00B1F6B7 /* ViewController.swift in Sources */ = {isa = PBXBuildFile; fileRef = 1AB61B9E2BE7B98F00B1F6B7 /* ViewController.swift */; };
		1AB61BA42BE7B99000B1F6B7 /* Assets.xcassets in Resources */ = {isa = PBXBuildFile; fileRef = 1AB61BA32BE7B99000B1F6B7 /* Assets.xcassets */; };
		1AB61BA72BE7B99000B1F6B7 /* Base in Resources */ = {isa = PBXBuildFile; fileRef = 1AB61BA62BE7B99000B1F6B7 /* Base */; };
		1AB61BB22BE7B99000B1F6B7 /* week3Tests.swift in Sources */ = {isa = PBXBuildFile; fileRef = 1AB61BB12BE7B99000B1F6B7 /* week3Tests.swift */; };
		1AB61BBC2BE7B99000B1F6B7 /* week3UITests.swift in Sources */ = {isa = PBXBuildFile; fileRef = 1AB61BBB2BE7B99000B1F6B7 /* week3UITests.swift */; };
		1AB61BBE2BE7B99000B1F6B7 /* week3UITestsLaunchTests.swift in Sources */ = {isa = PBXBuildFile; fileRef = 1AB61BBD2BE7B99000B1F6B7 /* week3UITestsLaunchTests.swift */; };
/* End PBXBuildFile section */

/* Begin PBXContainerItemProxy section */
		1AB61BAE2BE7B99000B1F6B7 /* PBXContainerItemProxy */ = {
			isa = PBXContainerItemProxy;
			containerPortal = 1AB61B8F2BE7B98F00B1F6B7 /* Project object */;
			proxyType = 1;
			remoteGlobalIDString = 1AB61B962BE7B98F00B1F6B7;
			remoteInfo = week3;
		};
		1AB61BB82BE7B99000B1F6B7 /* PBXContainerItemProxy */ = {
			isa = PBXContainerItemProxy;
			containerPortal = 1AB61B8F2BE7B98F00B1F6B7 /* Project object */;
			proxyType = 1;
			remoteGlobalIDString = 1AB61B962BE7B98F00B1F6B7;
			remoteInfo = week3;
		};
/* End PBXContainerItemProxy section */

/* Begin PBXFileReference section */
		1A608B662BE941E4002BD477 /* CartViewController.swift */ = {isa = PBXFileReference; lastKnownFileType = sourcecode.swift; path = CartViewController.swift; sourceTree = "<group>"; };
		1AB61B972BE7B98F00B1F6B7 /* week3.app */ = {isa = PBXFileReference; explicitFileType = wrapper.application; includeInIndex = 0; path = week3.app; sourceTree = BUILT_PRODUCTS_DIR; };
		1AB61B9A2BE7B98F00B1F6B7 /* AppDelegate.swift */ = {isa = PBXFileReference; lastKnownFileType = sourcecode.swift; path = AppDelegate.swift; sourceTree = "<group>"; };
		1AB61B9C2BE7B98F00B1F6B7 /* SceneDelegate.swift */ = {isa = PBXFileReference; lastKnownFileType = sourcecode.swift; path = SceneDelegate.swift; sourceTree = "<group>"; };
		1AB61B9E2BE7B98F00B1F6B7 /* ViewController.swift */ = {isa = PBXFileReference; lastKnownFileType = sourcecode.swift; path = ViewController.swift; sourceTree = "<group>"; };
		1AB61BA32BE7B99000B1F6B7 /* Assets.xcassets */ = {isa = PBXFileReference; lastKnownFileType = folder.assetcatalog; path = Assets.xcassets; sourceTree = "<group>"; };
		1AB61BA62BE7B99000B1F6B7 /* Base */ = {isa = PBXFileReference; lastKnownFileType = file.storyboard; name = Base; path = Base.lproj/LaunchScreen.storyboard; sourceTree = "<group>"; };
		1AB61BA82BE7B99000B1F6B7 /* Info.plist */ = {isa = PBXFileReference; lastKnownFileType = text.plist.xml; path = Info.plist; sourceTree = "<group>"; };
		1AB61BAD2BE7B99000B1F6B7 /* week3Tests.xctest */ = {isa = PBXFileReference; explicitFileType = wrapper.cfbundle; includeInIndex = 0; path = week3Tests.xctest; sourceTree = BUILT_PRODUCTS_DIR; };
		1AB61BB12BE7B99000B1F6B7 /* week3Tests.swift */ = {isa = PBXFileReference; lastKnownFileType = sourcecode.swift; path = week3Tests.swift; sourceTree = "<group>"; };
		1AB61BB72BE7B99000B1F6B7 /* week3UITests.xctest */ = {isa = PBXFileReference; explicitFileType = wrapper.cfbundle; includeInIndex = 0; path = week3UITests.xctest; sourceTree = BUILT_PRODUCTS_DIR; };
		1AB61BBB2BE7B99000B1F6B7 /* week3UITests.swift */ = {isa = PBXFileReference; lastKnownFileType = sourcecode.swift; path = week3UITests.swift; sourceTree = "<group>"; };
		1AB61BBD2BE7B99000B1F6B7 /* week3UITestsLaunchTests.swift */ = {isa = PBXFileReference; lastKnownFileType = sourcecode.swift; path = week3UITestsLaunchTests.swift; sourceTree = "<group>"; };
/* End PBXFileReference section */

/* Begin PBXFrameworksBuildPhase section */
		1AB61B942BE7B98F00B1F6B7 /* Frameworks */ = {
			isa = PBXFrameworksBuildPhase;
			buildActionMask = 2147483647;
			files = (
			);
			runOnlyForDeploymentPostprocessing = 0;
		};
		1AB61BAA2BE7B99000B1F6B7 /* Frameworks */ = {
			isa = PBXFrameworksBuildPhase;
			buildActionMask = 2147483647;
			files = (
			);
			runOnlyForDeploymentPostprocessing = 0;
		};
		1AB61BB42BE7B99000B1F6B7 /* Frameworks */ = {
			isa = PBXFrameworksBuildPhase;
			buildActionMask = 2147483647;
			files = (
			);
			runOnlyForDeploymentPostprocessing = 0;
		};
/* End PBXFrameworksBuildPhase section */

/* Begin PBXGroup section */
		1AB61B8E2BE7B98F00B1F6B7 = {
			isa = PBXGroup;
			children = (
				1AB61B992BE7B98F00B1F6B7 /* week3 */,
				1AB61BB02BE7B99000B1F6B7 /* week3Tests */,
				1AB61BBA2BE7B99000B1F6B7 /* week3UITests */,
				1AB61B982BE7B98F00B1F6B7 /* Products */,
			);
			sourceTree = "<group>";
		};
		1AB61B982BE7B98F00B1F6B7 /* Products */ = {
			isa = PBXGroup;
			children = (
				1AB61B972BE7B98F00B1F6B7 /* week3.app */,
				1AB61BAD2BE7B99000B1F6B7 /* week3Tests.xctest */,
				1AB61BB72BE7B99000B1F6B7 /* week3UITests.xctest */,
			);
			name = Products;
			sourceTree = "<group>";
		};
		1AB61B992BE7B98F00B1F6B7 /* week3 */ = {
			isa = PBXGroup;
			children = (
				1AB61B9A2BE7B98F00B1F6B7 /* AppDelegate.swift */,
				1AB61B9C2BE7B98F00B1F6B7 /* SceneDelegate.swift */,
				1AB61B9E2BE7B98F00B1F6B7 /* ViewController.swift */,
				1A608B662BE941E4002BD477 /* CartViewController.swift */,
				1AB61BA32BE7B99000B1F6B7 /* Assets.xcassets */,
				1AB61BA52BE7B99000B1F6B7 /* LaunchScreen.storyboard */,
				1AB61BA82BE7B99000B1F6B7 /* Info.plist */,
			);
			path = week3;
			sourceTree = "<group>";
		};
		1AB61BB02BE7B99000B1F6B7 /* week3Tests */ = {
			isa = PBXGroup;
			children = (
				1AB61BB12BE7B99000B1F6B7 /* week3Tests.swift */,
			);
			path = week3Tests;
			sourceTree = "<group>";
		};
		1AB61BBA2BE7B99000B1F6B7 /* week3UITests */ = {
			isa = PBXGroup;
			children = (
				1AB61BBB2BE7B99000B1F6B7 /* week3UITests.swift */,
				1AB61BBD2BE7B99000B1F6B7 /* week3UITestsLaunchTests.swift */,
			);
			path = week3UITests;
			sourceTree = "<group>";
		};
/* End PBXGroup section */

/* Begin PBXNativeTarget section */
		1AB61B962BE7B98F00B1F6B7 /* week3 */ = {
			isa = PBXNativeTarget;
			buildConfigurationList = 1AB61BC12BE7B99000B1F6B7 /* Build configuration list for PBXNativeTarget "week3" */;
			buildPhases = (
				1AB61B932BE7B98F00B1F6B7 /* Sources */,
				1AB61B942BE7B98F00B1F6B7 /* Frameworks */,
				1AB61B952BE7B98F00B1F6B7 /* Resources */,
			);
			buildRules = (
			);
			dependencies = (
			);
			name = week3;
			productName = week3;
			productReference = 1AB61B972BE7B98F00B1F6B7 /* week3.app */;
			productType = "com.apple.product-type.application";
		};
		1AB61BAC2BE7B99000B1F6B7 /* week3Tests */ = {
			isa = PBXNativeTarget;
			buildConfigurationList = 1AB61BC42BE7B99000B1F6B7 /* Build configuration list for PBXNativeTarget "week3Tests" */;
			buildPhases = (
				1AB61BA92BE7B99000B1F6B7 /* Sources */,
				1AB61BAA2BE7B99000B1F6B7 /* Frameworks */,
				1AB61BAB2BE7B99000B1F6B7 /* Resources */,
			);
			buildRules = (
			);
			dependencies = (
				1AB61BAF2BE7B99000B1F6B7 /* PBXTargetDependency */,
			);
			name = week3Tests;
			productName = week3Tests;
			productReference = 1AB61BAD2BE7B99000B1F6B7 /* week3Tests.xctest */;
			productType = "com.apple.product-type.bundle.unit-test";
		};
		1AB61BB62BE7B99000B1F6B7 /* week3UITests */ = {
			isa = PBXNativeTarget;
			buildConfigurationList = 1AB61BC72BE7B99000B1F6B7 /* Build configuration list for PBXNativeTarget "week3UITests" */;
			buildPhases = (
				1AB61BB32BE7B99000B1F6B7 /* Sources */,
				1AB61BB42BE7B99000B1F6B7 /* Frameworks */,
				1AB61BB52BE7B99000B1F6B7 /* Resources */,
			);
			buildRules = (
			);
			dependencies = (
				1AB61BB92BE7B99000B1F6B7 /* PBXTargetDependency */,
			);
			name = week3UITests;
			productName = week3UITests;
			productReference = 1AB61BB72BE7B99000B1F6B7 /* week3UITests.xctest */;
			productType = "com.apple.product-type.bundle.ui-testing";
		};
/* End PBXNativeTarget section */

/* Begin PBXProject section */
		1AB61B8F2BE7B98F00B1F6B7 /* Project object */ = {
			isa = PBXProject;
			attributes = {
				BuildIndependentTargetsInParallel = 1;
				LastSwiftUpdateCheck = 1530;
				LastUpgradeCheck = 1530;
				TargetAttributes = {
					1AB61B962BE7B98F00B1F6B7 = {
						CreatedOnToolsVersion = 15.3;
					};
					1AB61BAC2BE7B99000B1F6B7 = {
						CreatedOnToolsVersion = 15.3;
						TestTargetID = 1AB61B962BE7B98F00B1F6B7;
					};
					1AB61BB62BE7B99000B1F6B7 = {
						CreatedOnToolsVersion = 15.3;
						TestTargetID = 1AB61B962BE7B98F00B1F6B7;
					};
				};
			};
			buildConfigurationList = 1AB61B922BE7B98F00B1F6B7 /* Build configuration list for PBXProject "week3" */;
			compatibilityVersion = "Xcode 14.0";
			developmentRegion = en;
			hasScannedForEncodings = 0;
			knownRegions = (
				en,
				Base,
			);
			mainGroup = 1AB61B8E2BE7B98F00B1F6B7;
			productRefGroup = 1AB61B982BE7B98F00B1F6B7 /* Products */;
			projectDirPath = "";
			projectRoot = "";
			targets = (
				1AB61B962BE7B98F00B1F6B7 /* week3 */,
				1AB61BAC2BE7B99000B1F6B7 /* week3Tests */,
				1AB61BB62BE7B99000B1F6B7 /* week3UITests */,
			);
		};
/* End PBXProject section */

/* Begin PBXResourcesBuildPhase section */
		1AB61B952BE7B98F00B1F6B7 /* Resources */ = {
			isa = PBXResourcesBuildPhase;
			buildActionMask = 2147483647;
			files = (
				1AB61BA42BE7B99000B1F6B7 /* Assets.xcassets in Resources */,
				1AB61BA72BE7B99000B1F6B7 /* Base in Resources */,
			);
			runOnlyForDeploymentPostprocessing = 0;
		};
		1AB61BAB2BE7B99000B1F6B7 /* Resources */ = {
			isa = PBXResourcesBuildPhase;
			buildActionMask = 2147483647;
			files = (
			);
			runOnlyForDeploymentPostprocessing = 0;
		};
		1AB61BB52BE7B99000B1F6B7 /* Resources */ = {
			isa = PBXResourcesBuildPhase;
			buildActionMask = 2147483647;
			files = (
			);
			runOnlyForDeploymentPostprocessing = 0;
		};
/* End PBXResourcesBuildPhase section */

/* Begin PBXSourcesBuildPhase section */
		1AB61B932BE7B98F00B1F6B7 /* Sources */ = {
			isa = PBXSourcesBuildPhase;
			buildActionMask = 2147483647;
			files = (
				1AB61B9F2BE7B98F00B1F6B7 /* ViewController.swift in Sources */,
				1AB61B9B2BE7B98F00B1F6B7 /* AppDelegate.swift in Sources */,
				1A608B672BE941E4002BD477 /* CartViewController.swift in Sources */,
				1AB61B9D2BE7B98F00B1F6B7 /* SceneDelegate.swift in Sources */,
			);
			runOnlyForDeploymentPostprocessing = 0;
		};
		1AB61BA92BE7B99000B1F6B7 /* Sources */ = {
			isa = PBXSourcesBuildPhase;
			buildActionMask = 2147483647;
			files = (
				1AB61BB22BE7B99000B1F6B7 /* week3Tests.swift in Sources */,
			);
			runOnlyForDeploymentPostprocessing = 0;
		};
		1AB61BB32BE7B99000B1F6B7 /* Sources */ = {
			isa = PBXSourcesBuildPhase;
			buildActionMask = 2147483647;
			files = (
				1AB61BBE2BE7B99000B1F6B7 /* week3UITestsLaunchTests.swift in Sources */,
				1AB61BBC2BE7B99000B1F6B7 /* week3UITests.swift in Sources */,
			);
			runOnlyForDeploymentPostprocessing = 0;
		};
/* End PBXSourcesBuildPhase section */

/* Begin PBXTargetDependency section */
		1AB61BAF2BE7B99000B1F6B7 /* PBXTargetDependency */ = {
			isa = PBXTargetDependency;
			target = 1AB61B962BE7B98F00B1F6B7 /* week3 */;
			targetProxy = 1AB61BAE2BE7B99000B1F6B7 /* PBXContainerItemProxy */;
		};
		1AB61BB92BE7B99000B1F6B7 /* PBXTargetDependency */ = {
			isa = PBXTargetDependency;
			target = 1AB61B962BE7B98F00B1F6B7 /* week3 */;
			targetProxy = 1AB61BB82BE7B99000B1F6B7 /* PBXContainerItemProxy */;
		};
/* End PBXTargetDependency section */

/* Begin PBXVariantGroup section */
		1AB61BA52BE7B99000B1F6B7 /* LaunchScreen.storyboard */ = {
			isa = PBXVariantGroup;
			children = (
				1AB61BA62BE7B99000B1F6B7 /* Base */,
			);
			name = LaunchScreen.storyboard;
			sourceTree = "<group>";
		};
/* End PBXVariantGroup section */

/* Begin XCBuildConfiguration section */
		1AB61BBF2BE7B99000B1F6B7 /* Debug */ = {
			isa = XCBuildConfiguration;
			buildSettings = {
				ALWAYS_SEARCH_USER_PATHS = NO;
				ASSETCATALOG_COMPILER_GENERATE_SWIFT_ASSET_SYMBOL_EXTENSIONS = YES;
				CLANG_ANALYZER_NONNULL = YES;
				CLANG_ANALYZER_NUMBER_OBJECT_CONVERSION = YES_AGGRESSIVE;
				CLANG_CXX_LANGUAGE_STANDARD = "gnu++20";
				CLANG_ENABLE_MODULES = YES;
				CLANG_ENABLE_OBJC_ARC = YES;
				CLANG_ENABLE_OBJC_WEAK = YES;
				CLANG_WARN_BLOCK_CAPTURE_AUTORELEASING = YES;
				CLANG_WARN_BOOL_CONVERSION = YES;
				CLANG_WARN_COMMA = YES;
				CLANG_WARN_CONSTANT_CONVERSION = YES;
				CLANG_WARN_DEPRECATED_OBJC_IMPLEMENTATIONS = YES;
				CLANG_WARN_DIRECT_OBJC_ISA_USAGE = YES_ERROR;
				CLANG_WARN_DOCUMENTATION_COMMENTS = YES;
				CLANG_WARN_EMPTY_BODY = YES;
				CLANG_WARN_ENUM_CONVERSION = YES;
				CLANG_WARN_INFINITE_RECURSION = YES;
				CLANG_WARN_INT_CONVERSION = YES;
				CLANG_WARN_NON_LITERAL_NULL_CONVERSION = YES;
				CLANG_WARN_OBJC_IMPLICIT_RETAIN_SELF = YES;
				CLANG_WARN_OBJC_LITERAL_CONVERSION = YES;
				CLANG_WARN_OBJC_ROOT_CLASS = YES_ERROR;
				CLANG_WARN_QUOTED_INCLUDE_IN_FRAMEWORK_HEADER = YES;
				CLANG_WARN_RANGE_LOOP_ANALYSIS = YES;
				CLANG_WARN_STRICT_PROTOTYPES = YES;
				CLANG_WARN_SUSPICIOUS_MOVE = YES;
				CLANG_WARN_UNGUARDED_AVAILABILITY = YES_AGGRESSIVE;
				CLANG_WARN_UNREACHABLE_CODE = YES;
				CLANG_WARN__DUPLICATE_METHOD_MATCH = YES;
				COPY_PHASE_STRIP = NO;
				DEBUG_INFORMATION_FORMAT = dwarf;
				ENABLE_STRICT_OBJC_MSGSEND = YES;
				ENABLE_TESTABILITY = YES;
				ENABLE_USER_SCRIPT_SANDBOXING = YES;
				GCC_C_LANGUAGE_STANDARD = gnu17;
				GCC_DYNAMIC_NO_PIC = NO;
				GCC_NO_COMMON_BLOCKS = YES;
				GCC_OPTIMIZATION_LEVEL = 0;
				GCC_PREPROCESSOR_DEFINITIONS = (
					"DEBUG=1",
					"$(inherited)",
				);
				GCC_WARN_64_TO_32_BIT_CONVERSION = YES;
				GCC_WARN_ABOUT_RETURN_TYPE = YES_ERROR;
				GCC_WARN_UNDECLARED_SELECTOR = YES;
				GCC_WARN_UNINITIALIZED_AUTOS = YES_AGGRESSIVE;
				GCC_WARN_UNUSED_FUNCTION = YES;
				GCC_WARN_UNUSED_VARIABLE = YES;
				IPHONEOS_DEPLOYMENT_TARGET = 17.4;
				LOCALIZATION_PREFERS_STRING_CATALOGS = YES;
				MTL_ENABLE_DEBUG_INFO = INCLUDE_SOURCE;
				MTL_FAST_MATH = YES;
				ONLY_ACTIVE_ARCH = YES;
				SDKROOT = iphoneos;
				SWIFT_ACTIVE_COMPILATION_CONDITIONS = "DEBUG $(inherited)";
				SWIFT_OPTIMIZATION_LEVEL = "-Onone";
			};
			name = Debug;
		};
		1AB61BC02BE7B99000B1F6B7 /* Release */ = {
			isa = XCBuildConfiguration;
			buildSettings = {
				ALWAYS_SEARCH_USER_PATHS = NO;
				ASSETCATALOG_COMPILER_GENERATE_SWIFT_ASSET_SYMBOL_EXTENSIONS = YES;
				CLANG_ANALYZER_NONNULL = YES;
				CLANG_ANALYZER_NUMBER_OBJECT_CONVERSION = YES_AGGRESSIVE;
				CLANG_CXX_LANGUAGE_STANDARD = "gnu++20";
				CLANG_ENABLE_MODULES = YES;
				CLANG_ENABLE_OBJC_ARC = YES;
				CLANG_ENABLE_OBJC_WEAK = YES;
				CLANG_WARN_BLOCK_CAPTURE_AUTORELEASING = YES;
				CLANG_WARN_BOOL_CONVERSION = YES;
				CLANG_WARN_COMMA = YES;
				CLANG_WARN_CONSTANT_CONVERSION = YES;
				CLANG_WARN_DEPRECATED_OBJC_IMPLEMENTATIONS = YES;
				CLANG_WARN_DIRECT_OBJC_ISA_USAGE = YES_ERROR;
				CLANG_WARN_DOCUMENTATION_COMMENTS = YES;
				CLANG_WARN_EMPTY_BODY = YES;
				CLANG_WARN_ENUM_CONVERSION = YES;
				CLANG_WARN_INFINITE_RECURSION = YES;
				CLANG_WARN_INT_CONVERSION = YES;
				CLANG_WARN_NON_LITERAL_NULL_CONVERSION = YES;
				CLANG_WARN_OBJC_IMPLICIT_RETAIN_SELF = YES;
				CLANG_WARN_OBJC_LITERAL_CONVERSION = YES;
				CLANG_WARN_OBJC_ROOT_CLASS = YES_ERROR;
				CLANG_WARN_QUOTED_INCLUDE_IN_FRAMEWORK_HEADER = YES;
				CLANG_WARN_RANGE_LOOP_ANALYSIS = YES;
				CLANG_WARN_STRICT_PROTOTYPES = YES;
				CLANG_WARN_SUSPICIOUS_MOVE = YES;
				CLANG_WARN_UNGUARDED_AVAILABILITY = YES_AGGRESSIVE;
				CLANG_WARN_UNREACHABLE_CODE = YES;
				CLANG_WARN__DUPLICATE_METHOD_MATCH = YES;
				COPY_PHASE_STRIP = NO;
				DEBUG_INFORMATION_FORMAT = "dwarf-with-dsym";
				ENABLE_NS_ASSERTIONS = NO;
				ENABLE_STRICT_OBJC_MSGSEND = YES;
				ENABLE_USER_SCRIPT_SANDBOXING = YES;
				GCC_C_LANGUAGE_STANDARD = gnu17;
				GCC_NO_COMMON_BLOCKS = YES;
				GCC_WARN_64_TO_32_BIT_CONVERSION = YES;
				GCC_WARN_ABOUT_RETURN_TYPE = YES_ERROR;
				GCC_WARN_UNDECLARED_SELECTOR = YES;
				GCC_WARN_UNINITIALIZED_AUTOS = YES_AGGRESSIVE;
				GCC_WARN_UNUSED_FUNCTION = YES;
				GCC_WARN_UNUSED_VARIABLE = YES;
				IPHONEOS_DEPLOYMENT_TARGET = 17.4;
				LOCALIZATION_PREFERS_STRING_CATALOGS = YES;
				MTL_ENABLE_DEBUG_INFO = NO;
				MTL_FAST_MATH = YES;
				SDKROOT = iphoneos;
				SWIFT_COMPILATION_MODE = wholemodule;
				VALIDATE_PRODUCT = YES;
			};
			name = Release;
		};
		1AB61BC22BE7B99000B1F6B7 /* Debug */ = {
			isa = XCBuildConfiguration;
			buildSettings = {
				ASSETCATALOG_COMPILER_APPICON_NAME = AppIcon;
				ASSETCATALOG_COMPILER_GLOBAL_ACCENT_COLOR_NAME = AccentColor;
				CODE_SIGN_STYLE = Automatic;
				CURRENT_PROJECT_VERSION = 1;
				GENERATE_INFOPLIST_FILE = YES;
				INFOPLIST_FILE = week3/Info.plist;
				INFOPLIST_KEY_UIApplicationSupportsIndirectInputEvents = YES;
				INFOPLIST_KEY_UILaunchStoryboardName = LaunchScreen;
				INFOPLIST_KEY_UISupportedInterfaceOrientations_iPad = "UIInterfaceOrientationPortrait UIInterfaceOrientationPortraitUpsideDown UIInterfaceOrientationLandscapeLeft UIInterfaceOrientationLandscapeRight";
				INFOPLIST_KEY_UISupportedInterfaceOrientations_iPhone = "UIInterfaceOrientationPortrait UIInterfaceOrientationLandscapeLeft UIInterfaceOrientationLandscapeRight";
				LD_RUNPATH_SEARCH_PATHS = (
					"$(inherited)",
					"@executable_path/Frameworks",
				);
				MARKETING_VERSION = 1.0;
				PRODUCT_BUNDLE_IDENTIFIER = "com.example.apple-samplecode.week3";
				PRODUCT_NAME = "$(TARGET_NAME)";
				SWIFT_EMIT_LOC_STRINGS = YES;
				SWIFT_VERSION = 5.0;
				TARGETED_DEVICE_FAMILY = "1,2";
			};
			name = Debug;
		};
		1AB61BC32BE7B99000B1F6B7 /* Release */ = {
			isa = XCBuildConfiguration;
			buildSettings = {
				ASSETCATALOG_COMPILER_APPICON_NAME = AppIcon;
				ASSETCATALOG_COMPILER_GLOBAL_ACCENT_COLOR_NAME = AccentColor;
				CODE_SIGN_STYLE = Automatic;
				CURRENT_PROJECT_VERSION = 1;
				GENERATE_INFOPLIST_FILE = YES;
				INFOPLIST_FILE = week3/Info.plist;
				INFOPLIST_KEY_UIApplicationSupportsIndirectInputEvents = YES;
				INFOPLIST_KEY_UILaunchStoryboardName = LaunchScreen;
				INFOPLIST_KEY_UISupportedInterfaceOrientations_iPad = "UIInterfaceOrientationPortrait UIInterfaceOrientationPortraitUpsideDown UIInterfaceOrientationLandscapeLeft UIInterfaceOrientationLandscapeRight";
				INFOPLIST_KEY_UISupportedInterfaceOrientations_iPhone = "UIInterfaceOrientationPortrait UIInterfaceOrientationLandscapeLeft UIInterfaceOrientationLandscapeRight";
				LD_RUNPATH_SEARCH_PATHS = (
					"$(inherited)",
					"@executable_path/Frameworks",
				);
				MARKETING_VERSION = 1.0;
				PRODUCT_BUNDLE_IDENTIFIER = "com.example.apple-samplecode.week3";
				PRODUCT_NAME = "$(TARGET_NAME)";
				SWIFT_EMIT_LOC_STRINGS = YES;
				SWIFT_VERSION = 5.0;
				TARGETED_DEVICE_FAMILY = "1,2";
			};
			name = Release;
		};
		1AB61BC52BE7B99000B1F6B7 /* Debug */ = {
			isa = XCBuildConfiguration;
			buildSettings = {
				ALWAYS_EMBED_SWIFT_STANDARD_LIBRARIES = YES;
				BUNDLE_LOADER = "$(TEST_HOST)";
				CODE_SIGN_STYLE = Automatic;
				CURRENT_PROJECT_VERSION = 1;
				GENERATE_INFOPLIST_FILE = YES;
				IPHONEOS_DEPLOYMENT_TARGET = 17.4;
				MARKETING_VERSION = 1.0;
				PRODUCT_BUNDLE_IDENTIFIER = "com.example.apple-samplecode.week3Tests";
				PRODUCT_NAME = "$(TARGET_NAME)";
				SWIFT_EMIT_LOC_STRINGS = NO;
				SWIFT_VERSION = 5.0;
				TARGETED_DEVICE_FAMILY = "1,2";
				TEST_HOST = "$(BUILT_PRODUCTS_DIR)/week3.app/$(BUNDLE_EXECUTABLE_FOLDER_PATH)/week3";
			};
			name = Debug;
		};
		1AB61BC62BE7B99000B1F6B7 /* Release */ = {
			isa = XCBuildConfiguration;
			buildSettings = {
				ALWAYS_EMBED_SWIFT_STANDARD_LIBRARIES = YES;
				BUNDLE_LOADER = "$(TEST_HOST)";
				CODE_SIGN_STYLE = Automatic;
				CURRENT_PROJECT_VERSION = 1;
				GENERATE_INFOPLIST_FILE = YES;
				IPHONEOS_DEPLOYMENT_TARGET = 17.4;
				MARKETING_VERSION = 1.0;
				PRODUCT_BUNDLE_IDENTIFIER = "com.example.apple-samplecode.week3Tests";
				PRODUCT_NAME = "$(TARGET_NAME)";
				SWIFT_EMIT_LOC_STRINGS = NO;
				SWIFT_VERSION = 5.0;
				TARGETED_DEVICE_FAMILY = "1,2";
				TEST_HOST = "$(BUILT_PRODUCTS_DIR)/week3.app/$(BUNDLE_EXECUTABLE_FOLDER_PATH)/week3";
			};
			name = Release;
		};
		1AB61BC82BE7B99000B1F6B7 /* Debug */ = {
			isa = XCBuildConfiguration;
			buildSettings = {
				ALWAYS_EMBED_SWIFT_STANDARD_LIBRARIES = YES;
				CODE_SIGN_STYLE = Automatic;
				CURRENT_PROJECT_VERSION = 1;
				GENERATE_INFOPLIST_FILE = YES;
				MARKETING_VERSION = 1.0;
				PRODUCT_BUNDLE_IDENTIFIER = "com.example.apple-samplecode.week3UITests";
				PRODUCT_NAME = "$(TARGET_NAME)";
				SWIFT_EMIT_LOC_STRINGS = NO;
				SWIFT_VERSION = 5.0;
				TARGETED_DEVICE_FAMILY = "1,2";
				TEST_TARGET_NAME = week3;
			};
			name = Debug;
		};
		1AB61BC92BE7B99000B1F6B7 /* Release */ = {
			isa = XCBuildConfiguration;
			buildSettings = {
				ALWAYS_EMBED_SWIFT_STANDARD_LIBRARIES = YES;
				CODE_SIGN_STYLE = Automatic;
				CURRENT_PROJECT_VERSION = 1;
				GENERATE_INFOPLIST_FILE = YES;
				MARKETING_VERSION = 1.0;
				PRODUCT_BUNDLE_IDENTIFIER = "com.example.apple-samplecode.week3UITests";
				PRODUCT_NAME = "$(TARGET_NAME)";
				SWIFT_EMIT_LOC_STRINGS = NO;
				SWIFT_VERSION = 5.0;
				TARGETED_DEVICE_FAMILY = "1,2";
				TEST_TARGET_NAME = week3;
			};
			name = Release;
		};
/* End XCBuildConfiguration section */

/* Begin XCConfigurationList section */
		1AB61B922BE7B98F00B1F6B7 /* Build configuration list for PBXProject "week3" */ = {
			isa = XCConfigurationList;
			buildConfigurations = (
				1AB61BBF2BE7B99000B1F6B7 /* Debug */,
				1AB61BC02BE7B99000B1F6B7 /* Release */,
			);
			defaultConfigurationIsVisible = 0;
			defaultConfigurationName = Release;
		};
		1AB61BC12BE7B99000B1F6B7 /* Build configuration list for PBXNativeTarget "week3" */ = {
			isa = XCConfigurationList;
			buildConfigurations = (
				1AB61BC22BE7B99000B1F6B7 /* Debug */,
				1AB61BC32BE7B99000B1F6B7 /* Release */,
			);
			defaultConfigurationIsVisible = 0;
			defaultConfigurationName = Release;
		};
		1AB61BC42BE7B99000B1F6B7 /* Build configuration list for PBXNativeTarget "week3Tests" */ = {
			isa = XCConfigurationList;
			buildConfigurations = (
				1AB61BC52BE7B99000B1F6B7 /* Debug */,
				1AB61BC62BE7B99000B1F6B7 /* Release */,
			);
			defaultConfigurationIsVisible = 0;
			defaultConfigurationName = Release;
		};
		1AB61BC72BE7B99000B1F6B7 /* Build configuration list for PBXNativeTarget "week3UITests" */ = {
			isa = XCConfigurationList;
			buildConfigurations = (
				1AB61BC82BE7B99000B1F6B7 /* Debug */,
				1AB61BC92BE7B99000B1F6B7 /* Release */,
			);
			defaultConfigurationIsVisible = 0;
			defaultConfigurationName = Release;
		};
/* End XCConfigurationList section */
	};
	rootObject = 1AB61B8F2BE7B98F00B1F6B7 /* Project object */;
}
