// !$*UTF8*$!
{
	archiveVersion = 1;
	classes = {
	};
	objectVersion = 56;
	objects = {

/* Begin PBXBuildFile section */
		DAACCFCE2BEF72D1007E495D /* FirebaseAuth in Frameworks */ = {isa = PBXBuildFile; productRef = DAACCFCD2BEF72D1007E495D /* FirebaseAuth */; };
		DAACCFD02BEF7427007E495D /* GoogleService-Info.plist in Resources */ = {isa = PBXBuildFile; fileRef = DAACCFCF2BEF7427007E495D /* GoogleService-Info.plist */; };
		DAD1DE042BEDF7D800376C30 /* AppDelegate.swift in Sources */ = {isa = PBXBuildFile; fileRef = DAD1DE032BEDF7D800376C30 /* AppDelegate.swift */; };
		DAD1DE062BEDF7D800376C30 /* SceneDelegate.swift in Sources */ = {isa = PBXBuildFile; fileRef = DAD1DE052BEDF7D800376C30 /* SceneDelegate.swift */; };
		DAD1DE082BEDF7D800376C30 /* MainViewController.swift in Sources */ = {isa = PBXBuildFile; fileRef = DAD1DE072BEDF7D800376C30 /* MainViewController.swift */; };
		DAD1DE0D2BEDF7DA00376C30 /* Assets.xcassets in Resources */ = {isa = PBXBuildFile; fileRef = DAD1DE0C2BEDF7DA00376C30 /* Assets.xcassets */; };
		DAD1DE192BEDF81A00376C30 /* SwiftFormat in Frameworks */ = {isa = PBXBuildFile; productRef = DAD1DE182BEDF81A00376C30 /* SwiftFormat */; };
		DAD1DE1B2BEDF81A00376C30 /* SwiftFormatConfiguration in Frameworks */ = {isa = PBXBuildFile; productRef = DAD1DE1A2BEDF81A00376C30 /* SwiftFormatConfiguration */; };
		DAD1DE1E2BEDF82500376C30 /* SnapKit in Frameworks */ = {isa = PBXBuildFile; productRef = DAD1DE1D2BEDF82500376C30 /* SnapKit */; };
		DAD1DE202BEDF82500376C30 /* SnapKit-Dynamic in Frameworks */ = {isa = PBXBuildFile; productRef = DAD1DE1F2BEDF82500376C30 /* SnapKit-Dynamic */; };
		DAF834C22BEE0B4300A860E9 /* ProfileLoginedViewController.swift in Sources */ = {isa = PBXBuildFile; fileRef = DAF834C12BEE0B4300A860E9 /* ProfileLoginedViewController.swift */; };
/* End PBXBuildFile section */

/* Begin PBXFileReference section */
		DAACCFCF2BEF7427007E495D /* GoogleService-Info.plist */ = {isa = PBXFileReference; fileEncoding = 4; lastKnownFileType = text.plist.xml; path = "GoogleService-Info.plist"; sourceTree = "<group>"; };
		DAD1DE002BEDF7D800376C30 /* Week4_Mission.app */ = {isa = PBXFileReference; explicitFileType = wrapper.application; includeInIndex = 0; path = Week4_Mission.app; sourceTree = BUILT_PRODUCTS_DIR; };
		DAD1DE032BEDF7D800376C30 /* AppDelegate.swift */ = {isa = PBXFileReference; lastKnownFileType = sourcecode.swift; path = AppDelegate.swift; sourceTree = "<group>"; };
		DAD1DE052BEDF7D800376C30 /* SceneDelegate.swift */ = {isa = PBXFileReference; lastKnownFileType = sourcecode.swift; path = SceneDelegate.swift; sourceTree = "<group>"; };
		DAD1DE072BEDF7D800376C30 /* MainViewController.swift */ = {isa = PBXFileReference; lastKnownFileType = sourcecode.swift; path = MainViewController.swift; sourceTree = "<group>"; };
		DAD1DE0C2BEDF7DA00376C30 /* Assets.xcassets */ = {isa = PBXFileReference; lastKnownFileType = folder.assetcatalog; path = Assets.xcassets; sourceTree = "<group>"; };
		DAD1DE112BEDF7DA00376C30 /* Info.plist */ = {isa = PBXFileReference; lastKnownFileType = text.plist.xml; path = Info.plist; sourceTree = "<group>"; };
		DAF834C12BEE0B4300A860E9 /* ProfileLoginedViewController.swift */ = {isa = PBXFileReference; lastKnownFileType = sourcecode.swift; path = ProfileLoginedViewController.swift; sourceTree = "<group>"; };
/* End PBXFileReference section */

/* Begin PBXFrameworksBuildPhase section */
		DAD1DDFD2BEDF7D800376C30 /* Frameworks */ = {
			isa = PBXFrameworksBuildPhase;
			buildActionMask = 2147483647;
			files = (
				DAD1DE1E2BEDF82500376C30 /* SnapKit in Frameworks */,
				DAACCFCE2BEF72D1007E495D /* FirebaseAuth in Frameworks */,
				DAD1DE1B2BEDF81A00376C30 /* SwiftFormatConfiguration in Frameworks */,
				DAD1DE192BEDF81A00376C30 /* SwiftFormat in Frameworks */,
				DAD1DE202BEDF82500376C30 /* SnapKit-Dynamic in Frameworks */,
			);
			runOnlyForDeploymentPostprocessing = 0;
		};
/* End PBXFrameworksBuildPhase section */

/* Begin PBXGroup section */
		DAD1DDF72BEDF7D800376C30 = {
			isa = PBXGroup;
			children = (
				DAD1DE022BEDF7D800376C30 /* Week4_Mission */,
				DAD1DE012BEDF7D800376C30 /* Products */,
			);
			sourceTree = "<group>";
		};
		DAD1DE012BEDF7D800376C30 /* Products */ = {
			isa = PBXGroup;
			children = (
				DAD1DE002BEDF7D800376C30 /* Week4_Mission.app */,
			);
			name = Products;
			sourceTree = "<group>";
		};
		DAD1DE022BEDF7D800376C30 /* Week4_Mission */ = {
			isa = PBXGroup;
			children = (
				DAF834C02BEE0B2600A860E9 /* ViewController */,
				DAF834BF2BEE0B1A00A860E9 /* Source */,
				DAD1DE0C2BEDF7DA00376C30 /* Assets.xcassets */,
				DAD1DE112BEDF7DA00376C30 /* Info.plist */,
				DAACCFCF2BEF7427007E495D /* GoogleService-Info.plist */,
			);
			path = Week4_Mission;
			sourceTree = "<group>";
		};
		DAF834BF2BEE0B1A00A860E9 /* Source */ = {
			isa = PBXGroup;
			children = (
				DAD1DE032BEDF7D800376C30 /* AppDelegate.swift */,
				DAD1DE052BEDF7D800376C30 /* SceneDelegate.swift */,
			);
			path = Source;
			sourceTree = "<group>";
		};
		DAF834C02BEE0B2600A860E9 /* ViewController */ = {
			isa = PBXGroup;
			children = (
				DAD1DE072BEDF7D800376C30 /* MainViewController.swift */,
				DAF834C12BEE0B4300A860E9 /* ProfileLoginedViewController.swift */,
			);
			path = ViewController;
			sourceTree = "<group>";
		};
/* End PBXGroup section */

/* Begin PBXNativeTarget section */
		DAD1DDFF2BEDF7D800376C30 /* Week4_Mission */ = {
			isa = PBXNativeTarget;
			buildConfigurationList = DAD1DE142BEDF7DA00376C30 /* Build configuration list for PBXNativeTarget "Week4_Mission" */;
			buildPhases = (
				DAD1DDFC2BEDF7D800376C30 /* Sources */,
				DAD1DDFD2BEDF7D800376C30 /* Frameworks */,
				DAD1DDFE2BEDF7D800376C30 /* Resources */,
			);
			buildRules = (
			);
			dependencies = (
			);
			name = Week4_Mission;
			packageProductDependencies = (
				DAD1DE182BEDF81A00376C30 /* SwiftFormat */,
				DAD1DE1A2BEDF81A00376C30 /* SwiftFormatConfiguration */,
				DAD1DE1D2BEDF82500376C30 /* SnapKit */,
				DAD1DE1F2BEDF82500376C30 /* SnapKit-Dynamic */,
				DAACCFCD2BEF72D1007E495D /* FirebaseAuth */,
			);
			productName = Week4_Mission;
			productReference = DAD1DE002BEDF7D800376C30 /* Week4_Mission.app */;
			productType = "com.apple.product-type.application";
		};
/* End PBXNativeTarget section */

/* Begin PBXProject section */
		DAD1DDF82BEDF7D800376C30 /* Project object */ = {
			isa = PBXProject;
			attributes = {
				BuildIndependentTargetsInParallel = 1;
				LastSwiftUpdateCheck = 1530;
				LastUpgradeCheck = 1530;
				TargetAttributes = {
					DAD1DDFF2BEDF7D800376C30 = {
						CreatedOnToolsVersion = 15.3;
					};
				};
			};
			buildConfigurationList = DAD1DDFB2BEDF7D800376C30 /* Build configuration list for PBXProject "Week4_Mission" */;
			compatibilityVersion = "Xcode 14.0";
			developmentRegion = en;
			hasScannedForEncodings = 0;
			knownRegions = (
				en,
				Base,
			);
			mainGroup = DAD1DDF72BEDF7D800376C30;
			packageReferences = (
				DAD1DE172BEDF81A00376C30 /* XCRemoteSwiftPackageReference "swift-format" */,
				DAD1DE1C2BEDF82500376C30 /* XCRemoteSwiftPackageReference "SnapKit" */,
				DAACCFCC2BEF72D0007E495D /* XCRemoteSwiftPackageReference "firebase-ios-sdk" */,
			);
			productRefGroup = DAD1DE012BEDF7D800376C30 /* Products */;
			projectDirPath = "";
			projectRoot = "";
			targets = (
				DAD1DDFF2BEDF7D800376C30 /* Week4_Mission */,
			);
		};
/* End PBXProject section */

/* Begin PBXResourcesBuildPhase section */
		DAD1DDFE2BEDF7D800376C30 /* Resources */ = {
			isa = PBXResourcesBuildPhase;
			buildActionMask = 2147483647;
			files = (
				DAD1DE0D2BEDF7DA00376C30 /* Assets.xcassets in Resources */,
				DAACCFD02BEF7427007E495D /* GoogleService-Info.plist in Resources */,
			);
			runOnlyForDeploymentPostprocessing = 0;
		};
/* End PBXResourcesBuildPhase section */

/* Begin PBXSourcesBuildPhase section */
		DAD1DDFC2BEDF7D800376C30 /* Sources */ = {
			isa = PBXSourcesBuildPhase;
			buildActionMask = 2147483647;
			files = (
				DAD1DE082BEDF7D800376C30 /* MainViewController.swift in Sources */,
				DAD1DE042BEDF7D800376C30 /* AppDelegate.swift in Sources */,
				DAD1DE062BEDF7D800376C30 /* SceneDelegate.swift in Sources */,
				DAF834C22BEE0B4300A860E9 /* ProfileLoginedViewController.swift in Sources */,
			);
			runOnlyForDeploymentPostprocessing = 0;
		};
/* End PBXSourcesBuildPhase section */

/* Begin XCBuildConfiguration section */
		DAD1DE122BEDF7DA00376C30 /* Debug */ = {
			isa = XCBuildConfiguration;
			buildSettings = {
				ALWAYS_SEARCH_USER_PATHS = NO;
				ASSETCATALOG_COMPILER_GENERATE_SWIFT_ASSET_SYMBOL_EXTENSIONS = YES;
				CLANG_ANALYZER_NONNULL = YES;
				CLANG_ANALYZER_NUMBER_OBJECT_CONVERSION = YES_AGGRESSIVE;
				CLANG_CXX_LANGUAGE_STANDARD = "gnu++20";
				CLANG_ENABLE_MODULES = YES;
				CLANG_ENABLE_OBJC_ARC = YES;
				CLANG_ENABLE_OBJC_WEAK = YES;
				CLANG_WARN_BLOCK_CAPTURE_AUTORELEASING = YES;
				CLANG_WARN_BOOL_CONVERSION = YES;
				CLANG_WARN_COMMA = YES;
				CLANG_WARN_CONSTANT_CONVERSION = YES;
				CLANG_WARN_DEPRECATED_OBJC_IMPLEMENTATIONS = YES;
				CLANG_WARN_DIRECT_OBJC_ISA_USAGE = YES_ERROR;
				CLANG_WARN_DOCUMENTATION_COMMENTS = YES;
				CLANG_WARN_EMPTY_BODY = YES;
				CLANG_WARN_ENUM_CONVERSION = YES;
				CLANG_WARN_INFINITE_RECURSION = YES;
				CLANG_WARN_INT_CONVERSION = YES;
				CLANG_WARN_NON_LITERAL_NULL_CONVERSION = YES;
				CLANG_WARN_OBJC_IMPLICIT_RETAIN_SELF = YES;
				CLANG_WARN_OBJC_LITERAL_CONVERSION = YES;
				CLANG_WARN_OBJC_ROOT_CLASS = YES_ERROR;
				CLANG_WARN_QUOTED_INCLUDE_IN_FRAMEWORK_HEADER = YES;
				CLANG_WARN_RANGE_LOOP_ANALYSIS = YES;
				CLANG_WARN_STRICT_PROTOTYPES = YES;
				CLANG_WARN_SUSPICIOUS_MOVE = YES;
				CLANG_WARN_UNGUARDED_AVAILABILITY = YES_AGGRESSIVE;
				CLANG_WARN_UNREACHABLE_CODE = YES;
				CLANG_WARN__DUPLICATE_METHOD_MATCH = YES;
				COPY_PHASE_STRIP = NO;
				DEBUG_INFORMATION_FORMAT = dwarf;
				ENABLE_STRICT_OBJC_MSGSEND = YES;
				ENABLE_TESTABILITY = YES;
				ENABLE_USER_SCRIPT_SANDBOXING = YES;
				GCC_C_LANGUAGE_STANDARD = gnu17;
				GCC_DYNAMIC_NO_PIC = NO;
				GCC_NO_COMMON_BLOCKS = YES;
				GCC_OPTIMIZATION_LEVEL = 0;
				GCC_PREPROCESSOR_DEFINITIONS = (
					"DEBUG=1",
					"$(inherited)",
				);
				GCC_WARN_64_TO_32_BIT_CONVERSION = YES;
				GCC_WARN_ABOUT_RETURN_TYPE = YES_ERROR;
				GCC_WARN_UNDECLARED_SELECTOR = YES;
				GCC_WARN_UNINITIALIZED_AUTOS = YES_AGGRESSIVE;
				GCC_WARN_UNUSED_FUNCTION = YES;
				GCC_WARN_UNUSED_VARIABLE = YES;
				IPHONEOS_DEPLOYMENT_TARGET = 17.4;
				LOCALIZATION_PREFERS_STRING_CATALOGS = YES;
				MTL_ENABLE_DEBUG_INFO = INCLUDE_SOURCE;
				MTL_FAST_MATH = YES;
				ONLY_ACTIVE_ARCH = YES;
				SDKROOT = iphoneos;
				SWIFT_ACTIVE_COMPILATION_CONDITIONS = "DEBUG $(inherited)";
				SWIFT_OPTIMIZATION_LEVEL = "-Onone";
			};
			name = Debug;
		};
		DAD1DE132BEDF7DA00376C30 /* Release */ = {
			isa = XCBuildConfiguration;
			buildSettings = {
				ALWAYS_SEARCH_USER_PATHS = NO;
				ASSETCATALOG_COMPILER_GENERATE_SWIFT_ASSET_SYMBOL_EXTENSIONS = YES;
				CLANG_ANALYZER_NONNULL = YES;
				CLANG_ANALYZER_NUMBER_OBJECT_CONVERSION = YES_AGGRESSIVE;
				CLANG_CXX_LANGUAGE_STANDARD = "gnu++20";
				CLANG_ENABLE_MODULES = YES;
				CLANG_ENABLE_OBJC_ARC = YES;
				CLANG_ENABLE_OBJC_WEAK = YES;
				CLANG_WARN_BLOCK_CAPTURE_AUTORELEASING = YES;
				CLANG_WARN_BOOL_CONVERSION = YES;
				CLANG_WARN_COMMA = YES;
				CLANG_WARN_CONSTANT_CONVERSION = YES;
				CLANG_WARN_DEPRECATED_OBJC_IMPLEMENTATIONS = YES;
				CLANG_WARN_DIRECT_OBJC_ISA_USAGE = YES_ERROR;
				CLANG_WARN_DOCUMENTATION_COMMENTS = YES;
				CLANG_WARN_EMPTY_BODY = YES;
				CLANG_WARN_ENUM_CONVERSION = YES;
				CLANG_WARN_INFINITE_RECURSION = YES;
				CLANG_WARN_INT_CONVERSION = YES;
				CLANG_WARN_NON_LITERAL_NULL_CONVERSION = YES;
				CLANG_WARN_OBJC_IMPLICIT_RETAIN_SELF = YES;
				CLANG_WARN_OBJC_LITERAL_CONVERSION = YES;
				CLANG_WARN_OBJC_ROOT_CLASS = YES_ERROR;
				CLANG_WARN_QUOTED_INCLUDE_IN_FRAMEWORK_HEADER = YES;
				CLANG_WARN_RANGE_LOOP_ANALYSIS = YES;
				CLANG_WARN_STRICT_PROTOTYPES = YES;
				CLANG_WARN_SUSPICIOUS_MOVE = YES;
				CLANG_WARN_UNGUARDED_AVAILABILITY = YES_AGGRESSIVE;
				CLANG_WARN_UNREACHABLE_CODE = YES;
				CLANG_WARN__DUPLICATE_METHOD_MATCH = YES;
				COPY_PHASE_STRIP = NO;
				DEBUG_INFORMATION_FORMAT = "dwarf-with-dsym";
				ENABLE_NS_ASSERTIONS = NO;
				ENABLE_STRICT_OBJC_MSGSEND = YES;
				ENABLE_USER_SCRIPT_SANDBOXING = YES;
				GCC_C_LANGUAGE_STANDARD = gnu17;
				GCC_NO_COMMON_BLOCKS = YES;
				GCC_WARN_64_TO_32_BIT_CONVERSION = YES;
				GCC_WARN_ABOUT_RETURN_TYPE = YES_ERROR;
				GCC_WARN_UNDECLARED_SELECTOR = YES;
				GCC_WARN_UNINITIALIZED_AUTOS = YES_AGGRESSIVE;
				GCC_WARN_UNUSED_FUNCTION = YES;
				GCC_WARN_UNUSED_VARIABLE = YES;
				IPHONEOS_DEPLOYMENT_TARGET = 17.4;
				LOCALIZATION_PREFERS_STRING_CATALOGS = YES;
				MTL_ENABLE_DEBUG_INFO = NO;
				MTL_FAST_MATH = YES;
				SDKROOT = iphoneos;
				SWIFT_COMPILATION_MODE = wholemodule;
				VALIDATE_PRODUCT = YES;
			};
			name = Release;
		};
		DAD1DE152BEDF7DA00376C30 /* Debug */ = {
			isa = XCBuildConfiguration;
			buildSettings = {
				ASSETCATALOG_COMPILER_APPICON_NAME = AppIcon;
				ASSETCATALOG_COMPILER_GLOBAL_ACCENT_COLOR_NAME = AccentColor;
				CODE_SIGN_STYLE = Automatic;
				CURRENT_PROJECT_VERSION = 1;
				DEVELOPMENT_TEAM = 88AYQ78J2W;
				GENERATE_INFOPLIST_FILE = YES;
				INFOPLIST_FILE = Week4_Mission/Info.plist;
				INFOPLIST_KEY_UIApplicationSupportsIndirectInputEvents = YES;
				INFOPLIST_KEY_UILaunchStoryboardName = LaunchScreen;
				INFOPLIST_KEY_UISupportedInterfaceOrientations_iPad = "UIInterfaceOrientationPortrait UIInterfaceOrientationPortraitUpsideDown UIInterfaceOrientationLandscapeLeft UIInterfaceOrientationLandscapeRight";
				INFOPLIST_KEY_UISupportedInterfaceOrientations_iPhone = "UIInterfaceOrientationPortrait UIInterfaceOrientationLandscapeLeft UIInterfaceOrientationLandscapeRight";
				LD_RUNPATH_SEARCH_PATHS = (
					"$(inherited)",
					"@executable_path/Frameworks",
				);
				MARKETING_VERSION = 1.0;
				PRODUCT_BUNDLE_IDENTIFIER = "JiwoongCHOI.Week4-Mission";
				PRODUCT_NAME = "$(TARGET_NAME)";
				SWIFT_EMIT_LOC_STRINGS = YES;
				SWIFT_VERSION = 5.0;
				TARGETED_DEVICE_FAMILY = "1,2";
			};
			name = Debug;
		};
		DAD1DE162BEDF7DA00376C30 /* Release */ = {
			isa = XCBuildConfiguration;
			buildSettings = {
				ASSETCATALOG_COMPILER_APPICON_NAME = AppIcon;
				ASSETCATALOG_COMPILER_GLOBAL_ACCENT_COLOR_NAME = AccentColor;
				CODE_SIGN_STYLE = Automatic;
				CURRENT_PROJECT_VERSION = 1;
				DEVELOPMENT_TEAM = 88AYQ78J2W;
				GENERATE_INFOPLIST_FILE = YES;
				INFOPLIST_FILE = Week4_Mission/Info.plist;
				INFOPLIST_KEY_UIApplicationSupportsIndirectInputEvents = YES;
				INFOPLIST_KEY_UILaunchStoryboardName = LaunchScreen;
				INFOPLIST_KEY_UISupportedInterfaceOrientations_iPad = "UIInterfaceOrientationPortrait UIInterfaceOrientationPortraitUpsideDown UIInterfaceOrientationLandscapeLeft UIInterfaceOrientationLandscapeRight";
				INFOPLIST_KEY_UISupportedInterfaceOrientations_iPhone = "UIInterfaceOrientationPortrait UIInterfaceOrientationLandscapeLeft UIInterfaceOrientationLandscapeRight";
				LD_RUNPATH_SEARCH_PATHS = (
					"$(inherited)",
					"@executable_path/Frameworks",
				);
				MARKETING_VERSION = 1.0;
				PRODUCT_BUNDLE_IDENTIFIER = "JiwoongCHOI.Week4-Mission";
				PRODUCT_NAME = "$(TARGET_NAME)";
				SWIFT_EMIT_LOC_STRINGS = YES;
				SWIFT_VERSION = 5.0;
				TARGETED_DEVICE_FAMILY = "1,2";
			};
			name = Release;
		};
/* End XCBuildConfiguration section */

/* Begin XCConfigurationList section */
		DAD1DDFB2BEDF7D800376C30 /* Build configuration list for PBXProject "Week4_Mission" */ = {
			isa = XCConfigurationList;
			buildConfigurations = (
				DAD1DE122BEDF7DA00376C30 /* Debug */,
				DAD1DE132BEDF7DA00376C30 /* Release */,
			);
			defaultConfigurationIsVisible = 0;
			defaultConfigurationName = Release;
		};
		DAD1DE142BEDF7DA00376C30 /* Build configuration list for PBXNativeTarget "Week4_Mission" */ = {
			isa = XCConfigurationList;
			buildConfigurations = (
				DAD1DE152BEDF7DA00376C30 /* Debug */,
				DAD1DE162BEDF7DA00376C30 /* Release */,
			);
			defaultConfigurationIsVisible = 0;
			defaultConfigurationName = Release;
		};
/* End XCConfigurationList section */

/* Begin XCRemoteSwiftPackageReference section */
		DAACCFCC2BEF72D0007E495D /* XCRemoteSwiftPackageReference "firebase-ios-sdk" */ = {
			isa = XCRemoteSwiftPackageReference;
			repositoryURL = "https://github.com/firebase/firebase-ios-sdk";
			requirement = {
				kind = upToNextMajorVersion;
				minimumVersion = 10.25.0;
			};
		};
		DAD1DE172BEDF81A00376C30 /* XCRemoteSwiftPackageReference "swift-format" */ = {
			isa = XCRemoteSwiftPackageReference;
			repositoryURL = "https://github.com/apple/swift-format";
			requirement = {
				kind = upToNextMajorVersion;
				minimumVersion = 510.1.0;
			};
		};
		DAD1DE1C2BEDF82500376C30 /* XCRemoteSwiftPackageReference "SnapKit" */ = {
			isa = XCRemoteSwiftPackageReference;
			repositoryURL = "https://github.com/SnapKit/SnapKit";
			requirement = {
				kind = upToNextMajorVersion;
				minimumVersion = 5.7.1;
			};
		};
/* End XCRemoteSwiftPackageReference section */

/* Begin XCSwiftPackageProductDependency section */
		DAACCFCD2BEF72D1007E495D /* FirebaseAuth */ = {
			isa = XCSwiftPackageProductDependency;
			package = DAACCFCC2BEF72D0007E495D /* XCRemoteSwiftPackageReference "firebase-ios-sdk" */;
			productName = FirebaseAuth;
		};
		DAD1DE182BEDF81A00376C30 /* SwiftFormat */ = {
			isa = XCSwiftPackageProductDependency;
			package = DAD1DE172BEDF81A00376C30 /* XCRemoteSwiftPackageReference "swift-format" */;
			productName = SwiftFormat;
		};
		DAD1DE1A2BEDF81A00376C30 /* SwiftFormatConfiguration */ = {
			isa = XCSwiftPackageProductDependency;
			package = DAD1DE172BEDF81A00376C30 /* XCRemoteSwiftPackageReference "swift-format" */;
			productName = SwiftFormatConfiguration;
		};
		DAD1DE1D2BEDF82500376C30 /* SnapKit */ = {
			isa = XCSwiftPackageProductDependency;
			package = DAD1DE1C2BEDF82500376C30 /* XCRemoteSwiftPackageReference "SnapKit" */;
			productName = SnapKit;
		};
		DAD1DE1F2BEDF82500376C30 /* SnapKit-Dynamic */ = {
			isa = XCSwiftPackageProductDependency;
			package = DAD1DE1C2BEDF82500376C30 /* XCRemoteSwiftPackageReference "SnapKit" */;
			productName = "SnapKit-Dynamic";
		};
/* End XCSwiftPackageProductDependency section */
	};
	rootObject = DAD1DDF82BEDF7D800376C30 /* Project object */;
}
